// !$*UTF8*$!
{
	archiveVersion = 1;
	classes = {
	};
	objectVersion = 46;
	objects = {

/* Begin PBXBuildFile section */
		13B07FBF1A68108700A75B9A /* Images.xcassets in Resources */ = {isa = PBXBuildFile; fileRef = 13B07FB51A68108700A75B9A /* Images.xcassets */; };
		13B07FC11A68108700A75B9A /* main.m in Sources */ = {isa = PBXBuildFile; fileRef = 13B07FB71A68108700A75B9A /* main.m */; };
		1FBC7E502ABDC82C00652064 /* brands.ttf in Resources */ = {isa = PBXBuildFile; fileRef = 1FBC7E4F2ABDC82C00652064 /* brands.ttf */; };
		226FCBFA2981995200671080 /* Fontisto.ttf in Resources */ = {isa = PBXBuildFile; fileRef = 226FCBEB2981995200671080 /* Fontisto.ttf */; };
		226FCBFB2981995200671080 /* Octicons.ttf in Resources */ = {isa = PBXBuildFile; fileRef = 226FCBEC2981995200671080 /* Octicons.ttf */; };
		226FCBFC2981995200671080 /* Feather.ttf in Resources */ = {isa = PBXBuildFile; fileRef = 226FCBED2981995200671080 /* Feather.ttf */; };
		226FCBFD2981995200671080 /* Entypo.ttf in Resources */ = {isa = PBXBuildFile; fileRef = 226FCBEE2981995200671080 /* Entypo.ttf */; };
		226FCBFE2981995200671080 /* FontAwesome5_Brands.ttf in Resources */ = {isa = PBXBuildFile; fileRef = 226FCBEF2981995200671080 /* FontAwesome5_Brands.ttf */; };
		226FCBFF2981995200671080 /* MaterialCommunityIcons.ttf in Resources */ = {isa = PBXBuildFile; fileRef = 226FCBF02981995200671080 /* MaterialCommunityIcons.ttf */; };
		226FCC002981995200671080 /* AntDesign.ttf in Resources */ = {isa = PBXBuildFile; fileRef = 226FCBF12981995200671080 /* AntDesign.ttf */; };
		226FCC012981995200671080 /* Foundation.ttf in Resources */ = {isa = PBXBuildFile; fileRef = 226FCBF22981995200671080 /* Foundation.ttf */; };
		226FCC022981995200671080 /* Ionicons.ttf in Resources */ = {isa = PBXBuildFile; fileRef = 226FCBF32981995200671080 /* Ionicons.ttf */; };
		226FCC032981995200671080 /* FontAwesome5_Solid.ttf in Resources */ = {isa = PBXBuildFile; fileRef = 226FCBF42981995200671080 /* FontAwesome5_Solid.ttf */; };
		226FCC042981995200671080 /* FontAwesome5_Regular.ttf in Resources */ = {isa = PBXBuildFile; fileRef = 226FCBF52981995200671080 /* FontAwesome5_Regular.ttf */; };
		226FCC052981995200671080 /* FontAwesome.ttf in Resources */ = {isa = PBXBuildFile; fileRef = 226FCBF62981995200671080 /* FontAwesome.ttf */; };
		226FCC062981995200671080 /* Zocial.ttf in Resources */ = {isa = PBXBuildFile; fileRef = 226FCBF72981995200671080 /* Zocial.ttf */; };
		226FCC072981995200671080 /* EvilIcons.ttf in Resources */ = {isa = PBXBuildFile; fileRef = 226FCBF82981995200671080 /* EvilIcons.ttf */; };
		226FCC082981995200671080 /* MaterialIcons.ttf in Resources */ = {isa = PBXBuildFile; fileRef = 226FCBF92981995200671080 /* MaterialIcons.ttf */; };
		226FCC0A2981A8F400671080 /* ti.ttf in Resources */ = {isa = PBXBuildFile; fileRef = 226FCC092981A8F300671080 /* ti.ttf */; };
		3E461D99554A48A4959DE609 /* SplashScreen.storyboard in Resources */ = {isa = PBXBuildFile; fileRef = AA286B85B6C04FC6940260E9 /* SplashScreen.storyboard */; };
		505B299C2CA14A8900359C16 /* MeshModule.swift in Sources */ = {isa = PBXBuildFile; fileRef = 505B299B2CA14A8900359C16 /* MeshModule.swift */; };
		505B299E2CA14B3B00359C16 /* NativeModulesBridge.m in Sources */ = {isa = PBXBuildFile; fileRef = 505B299D2CA14B3B00359C16 /* NativeModulesBridge.m */; };
		506231F02E546FF200AB6483 /* DFUModule.swift in Sources */ = {isa = PBXBuildFile; fileRef = 506231EF2E546FF200AB6483 /* DFUModule.swift */; };
		509F66452E70658A0038D76C /* main.jsbundle in Resources */ = {isa = PBXBuildFile; fileRef = 509F66442E70658A0038D76C /* main.jsbundle */; };
		50AC56B42E3673500080B3BA /* ModelExtension.swift in Sources */ = {isa = PBXBuildFile; fileRef = 50AC56B32E3673500080B3BA /* ModelExtension.swift */; };
		50AC56B92E3677B60080B3BA /* UInt16Extension.swift in Sources */ = {isa = PBXBuildFile; fileRef = 50AC56B82E3677B60080B3BA /* UInt16Extension.swift */; };
		50C8E9DA2CE0B4EE004E00A7 /* CompanyIdentifiers.swift in Sources */ = {isa = PBXBuildFile; fileRef = 50C8E9D92CE0B4EE004E00A7 /* CompanyIdentifiers.swift */; };
		50C8E9DF2CE49560004E00A7 /* MeshRepository.swift in Sources */ = {isa = PBXBuildFile; fileRef = 50C8E9DE2CE4955F004E00A7 /* MeshRepository.swift */; };
		50CB78202D2E75B6009EEEF8 /* VendorMessageSet.swift in Sources */ = {isa = PBXBuildFile; fileRef = 50CB781F2D2E75B6009EEEF8 /* VendorMessageSet.swift */; };
		50E2BD332D67557200DE5856 /* QuickSetupNode.swift in Sources */ = {isa = PBXBuildFile; fileRef = 50E2BD322D67557200DE5856 /* QuickSetupNode.swift */; };
		50E2BD352D67573000DE5856 /* MeshTask.swift in Sources */ = {isa = PBXBuildFile; fileRef = 50E2BD342D67573000DE5856 /* MeshTask.swift */; };
		50F3173C2CEF692900DDCD4D /* NetworkConnection.swift in Sources */ = {isa = PBXBuildFile; fileRef = 50F3173B2CEF692900DDCD4D /* NetworkConnection.swift */; };
		50F3173E2CEF6AEF00DDCD4D /* AppDelegate.swift in Sources */ = {isa = PBXBuildFile; fileRef = 50F3173D2CEF6AEF00DDCD4D /* AppDelegate.swift */; };
		50F317442CEF739A00DDCD4D /* BMGenericDefaultTransitionTimeServerDelegate.swift in Sources */ = {isa = PBXBuildFile; fileRef = 50F317432CEF739A00DDCD4D /* BMGenericDefaultTransitionTimeServerDelegate.swift */; };
		50F317462CEF742100DDCD4D /* BMGenericOnOffServerDelegate.swift in Sources */ = {isa = PBXBuildFile; fileRef = 50F317452CEF742100DDCD4D /* BMGenericOnOffServerDelegate.swift */; };
		50F317482CEF74A100DDCD4D /* BMSceneServerDelegate.swift in Sources */ = {isa = PBXBuildFile; fileRef = 50F317472CEF74A100DDCD4D /* BMSceneServerDelegate.swift */; };
		50F3174A2CEF74F700DDCD4D /* BMSceneSetupServerDelegate.swift in Sources */ = {isa = PBXBuildFile; fileRef = 50F317492CEF74F700DDCD4D /* BMSceneSetupServerDelegate.swift */; };
		50F3174C2CEF758D00DDCD4D /* BMSensorClientDelegate.swift in Sources */ = {isa = PBXBuildFile; fileRef = 50F3174B2CEF758D00DDCD4D /* BMSensorClientDelegate.swift */; };
		50F3174E2CEF7B5C00DDCD4D /* BMGenericPowerOnOffClientDelegate.swift in Sources */ = {isa = PBXBuildFile; fileRef = 50F3174D2CEF7B5C00DDCD4D /* BMGenericPowerOnOffClientDelegate.swift */; };
		50F317502CEF7B8C00DDCD4D /* BMGenericDefaultTransitionTimeClientDelegate.swift in Sources */ = {isa = PBXBuildFile; fileRef = 50F3174F2CEF7B8C00DDCD4D /* BMGenericDefaultTransitionTimeClientDelegate.swift */; };
		50F317522CEF7BBA00DDCD4D /* BMGenericLevelServerDelegate.swift in Sources */ = {isa = PBXBuildFile; fileRef = 50F317512CEF7BBA00DDCD4D /* BMGenericLevelServerDelegate.swift */; };
		50F317542CEF7BE300DDCD4D /* BMGenericState.swift in Sources */ = {isa = PBXBuildFile; fileRef = 50F317532CEF7BE300DDCD4D /* BMGenericState.swift */; };
		50F317562CEF7C9D00DDCD4D /* BMGenericOnOffClientDelegate.swift in Sources */ = {isa = PBXBuildFile; fileRef = 50F317552CEF7C9D00DDCD4D /* BMGenericOnOffClientDelegate.swift */; };
		50F317582CEF7E1000DDCD4D /* BMGenericLevelClientDelegate.swift in Sources */ = {isa = PBXBuildFile; fileRef = 50F317572CEF7E1000DDCD4D /* BMGenericLevelClientDelegate.swift */; };
		50F3175A2CEF7E3B00DDCD4D /* BMLightLCClientDelegate.swift in Sources */ = {isa = PBXBuildFile; fileRef = 50F317592CEF7E3B00DDCD4D /* BMLightLCClientDelegate.swift */; };
		50F3175C2CEF83AC00DDCD4D /* AppDelegate.mm in Sources */ = {isa = PBXBuildFile; fileRef = 13B07FB01A68108700A75B9A /* AppDelegate.mm */; };
		50FD53DE2CE5FC0200FF61F3 /* BleManager.swift in Sources */ = {isa = PBXBuildFile; fileRef = 50FD53DD2CE5FC0200FF61F3 /* BleManager.swift */; };
		B18059E884C0ABDD17F3DC3D /* ExpoModulesProvider.swift in Sources */ = {isa = PBXBuildFile; fileRef = FAC715A2D49A985799AEE119 /* ExpoModulesProvider.swift */; };
		BB2F792D24A3F905000567C9 /* Expo.plist in Resources */ = {isa = PBXBuildFile; fileRef = BB2F792C24A3F905000567C9 /* Expo.plist */; };
		D184B82B9B74DC3FE0F0D795 /* libPods-SimplelinkConnect.a in Frameworks */ = {isa = PBXBuildFile; fileRef = 85C25F24F08E9C15C34207F5 /* libPods-SimplelinkConnect.a */; };
		F24099C8AD2B49A8B3678E06 /* noop-file.swift in Sources */ = {isa = PBXBuildFile; fileRef = 6CF535B777054E49891D465B /* noop-file.swift */; };
/* End PBXBuildFile section */

/* Begin PBXFileReference section */
		008F07F21AC5B25A0029DE68 /* main.jsbundle */ = {isa = PBXFileReference; fileEncoding = 4; lastKnownFileType = text; path = main.jsbundle; sourceTree = "<group>"; };
		13B07F961A680F5B00A75B9A /* SimpleLinkConnect.app */ = {isa = PBXFileReference; explicitFileType = wrapper.application; includeInIndex = 0; path = SimpleLinkConnect.app; sourceTree = BUILT_PRODUCTS_DIR; };
		13B07FAF1A68108700A75B9A /* AppDelegate.h */ = {isa = PBXFileReference; fileEncoding = 4; lastKnownFileType = sourcecode.c.h; name = AppDelegate.h; path = SimplelinkConnect/AppDelegate.h; sourceTree = "<group>"; };
		13B07FB01A68108700A75B9A /* AppDelegate.mm */ = {isa = PBXFileReference; fileEncoding = 4; lastKnownFileType = sourcecode.cpp.objcpp; name = AppDelegate.mm; path = SimplelinkConnect/AppDelegate.mm; sourceTree = "<group>"; };
		13B07FB51A68108700A75B9A /* Images.xcassets */ = {isa = PBXFileReference; lastKnownFileType = folder.assetcatalog; name = Images.xcassets; path = SimplelinkConnect/Images.xcassets; sourceTree = "<group>"; };
		13B07FB61A68108700A75B9A /* Info.plist */ = {isa = PBXFileReference; fileEncoding = 4; lastKnownFileType = text.plist.xml; name = Info.plist; path = SimplelinkConnect/Info.plist; sourceTree = "<group>"; };
		13B07FB71A68108700A75B9A /* main.m */ = {isa = PBXFileReference; fileEncoding = 4; lastKnownFileType = sourcecode.c.objc; name = main.m; path = SimplelinkConnect/main.m; sourceTree = "<group>"; };
		1FBC7E4F2ABDC82C00652064 /* brands.ttf */ = {isa = PBXFileReference; lastKnownFileType = file; name = brands.ttf; path = ../../../src/assets/fonts/brands.ttf; sourceTree = "<group>"; };
		226FCBEB2981995200671080 /* Fontisto.ttf */ = {isa = PBXFileReference; lastKnownFileType = file; path = Fontisto.ttf; sourceTree = "<group>"; };
		226FCBEC2981995200671080 /* Octicons.ttf */ = {isa = PBXFileReference; lastKnownFileType = file; path = Octicons.ttf; sourceTree = "<group>"; };
		226FCBED2981995200671080 /* Feather.ttf */ = {isa = PBXFileReference; lastKnownFileType = file; path = Feather.ttf; sourceTree = "<group>"; };
		226FCBEE2981995200671080 /* Entypo.ttf */ = {isa = PBXFileReference; lastKnownFileType = file; path = Entypo.ttf; sourceTree = "<group>"; };
		226FCBEF2981995200671080 /* FontAwesome5_Brands.ttf */ = {isa = PBXFileReference; lastKnownFileType = file; path = FontAwesome5_Brands.ttf; sourceTree = "<group>"; };
		226FCBF02981995200671080 /* MaterialCommunityIcons.ttf */ = {isa = PBXFileReference; lastKnownFileType = file; path = MaterialCommunityIcons.ttf; sourceTree = "<group>"; };
		226FCBF12981995200671080 /* AntDesign.ttf */ = {isa = PBXFileReference; lastKnownFileType = file; path = AntDesign.ttf; sourceTree = "<group>"; };
		226FCBF22981995200671080 /* Foundation.ttf */ = {isa = PBXFileReference; lastKnownFileType = file; path = Foundation.ttf; sourceTree = "<group>"; };
		226FCBF32981995200671080 /* Ionicons.ttf */ = {isa = PBXFileReference; lastKnownFileType = file; path = Ionicons.ttf; sourceTree = "<group>"; };
		226FCBF42981995200671080 /* FontAwesome5_Solid.ttf */ = {isa = PBXFileReference; lastKnownFileType = file; path = FontAwesome5_Solid.ttf; sourceTree = "<group>"; };
		226FCBF52981995200671080 /* FontAwesome5_Regular.ttf */ = {isa = PBXFileReference; lastKnownFileType = file; path = FontAwesome5_Regular.ttf; sourceTree = "<group>"; };
		226FCBF62981995200671080 /* FontAwesome.ttf */ = {isa = PBXFileReference; lastKnownFileType = file; path = FontAwesome.ttf; sourceTree = "<group>"; };
		226FCBF72981995200671080 /* Zocial.ttf */ = {isa = PBXFileReference; lastKnownFileType = file; path = Zocial.ttf; sourceTree = "<group>"; };
		226FCBF82981995200671080 /* EvilIcons.ttf */ = {isa = PBXFileReference; lastKnownFileType = file; path = EvilIcons.ttf; sourceTree = "<group>"; };
		226FCBF92981995200671080 /* MaterialIcons.ttf */ = {isa = PBXFileReference; lastKnownFileType = file; path = MaterialIcons.ttf; sourceTree = "<group>"; };
		226FCC092981A8F300671080 /* ti.ttf */ = {isa = PBXFileReference; lastKnownFileType = file; name = ti.ttf; path = ../../../src/assets/fonts/ti.ttf; sourceTree = "<group>"; };
		4DF362E59CE5B993E23C5444 /* Pods-SimplelinkConnect.release.xcconfig */ = {isa = PBXFileReference; includeInIndex = 1; lastKnownFileType = text.xcconfig; name = "Pods-SimplelinkConnect.release.xcconfig"; path = "Target Support Files/Pods-SimplelinkConnect/Pods-SimplelinkConnect.release.xcconfig"; sourceTree = "<group>"; };
		505B299B2CA14A8900359C16 /* MeshModule.swift */ = {isa = PBXFileReference; lastKnownFileType = sourcecode.swift; path = MeshModule.swift; sourceTree = "<group>"; };
		505B299D2CA14B3B00359C16 /* NativeModulesBridge.m */ = {isa = PBXFileReference; lastKnownFileType = sourcecode.c.objc; path = NativeModulesBridge.m; sourceTree = "<group>"; };
		505B299F2CA14D6700359C16 /* MeshModule-Bridging-Header.h */ = {isa = PBXFileReference; lastKnownFileType = sourcecode.c.h; path = "MeshModule-Bridging-Header.h"; sourceTree = "<group>"; };
		506231EF2E546FF200AB6483 /* DFUModule.swift */ = {isa = PBXFileReference; lastKnownFileType = sourcecode.swift; path = DFUModule.swift; sourceTree = "<group>"; };
		509F66442E70658A0038D76C /* main.jsbundle */ = {isa = PBXFileReference; lastKnownFileType = text; path = main.jsbundle; sourceTree = "<group>"; };
		509F66472E71A0C60038D76C /* Images.xcassets */ = {isa = PBXFileReference; lastKnownFileType = folder.assetcatalog; name = Images.xcassets; path = SimplelinkConnect/Images.xcassets; sourceTree = "<group>"; };
		50AC56B32E3673500080B3BA /* ModelExtension.swift */ = {isa = PBXFileReference; lastKnownFileType = sourcecode.swift; path = ModelExtension.swift; sourceTree = "<group>"; };
		50AC56B82E3677B60080B3BA /* UInt16Extension.swift */ = {isa = PBXFileReference; lastKnownFileType = sourcecode.swift; path = UInt16Extension.swift; sourceTree = "<group>"; };
		50C8E9D92CE0B4EE004E00A7 /* CompanyIdentifiers.swift */ = {isa = PBXFileReference; lastKnownFileType = sourcecode.swift; path = CompanyIdentifiers.swift; sourceTree = "<group>"; };
		50C8E9DE2CE4955F004E00A7 /* MeshRepository.swift */ = {isa = PBXFileReference; lastKnownFileType = sourcecode.swift; path = MeshRepository.swift; sourceTree = "<group>"; };
		50CB781F2D2E75B6009EEEF8 /* VendorMessageSet.swift */ = {isa = PBXFileReference; lastKnownFileType = sourcecode.swift; path = VendorMessageSet.swift; sourceTree = "<group>"; };
		50E2BD322D67557200DE5856 /* QuickSetupNode.swift */ = {isa = PBXFileReference; lastKnownFileType = sourcecode.swift; path = QuickSetupNode.swift; sourceTree = "<group>"; };
		50E2BD342D67573000DE5856 /* MeshTask.swift */ = {isa = PBXFileReference; lastKnownFileType = sourcecode.swift; path = MeshTask.swift; sourceTree = "<group>"; };
		50F3173B2CEF692900DDCD4D /* NetworkConnection.swift */ = {isa = PBXFileReference; lastKnownFileType = sourcecode.swift; path = NetworkConnection.swift; sourceTree = "<group>"; };
		50F3173D2CEF6AEF00DDCD4D /* AppDelegate.swift */ = {isa = PBXFileReference; lastKnownFileType = sourcecode.swift; path = AppDelegate.swift; sourceTree = "<group>"; };
		50F317432CEF739A00DDCD4D /* BMGenericDefaultTransitionTimeServerDelegate.swift */ = {isa = PBXFileReference; lastKnownFileType = sourcecode.swift; path = BMGenericDefaultTransitionTimeServerDelegate.swift; sourceTree = "<group>"; };
		50F317452CEF742100DDCD4D /* BMGenericOnOffServerDelegate.swift */ = {isa = PBXFileReference; lastKnownFileType = sourcecode.swift; path = BMGenericOnOffServerDelegate.swift; sourceTree = "<group>"; };
		50F317472CEF74A100DDCD4D /* BMSceneServerDelegate.swift */ = {isa = PBXFileReference; lastKnownFileType = sourcecode.swift; path = BMSceneServerDelegate.swift; sourceTree = "<group>"; };
		50F317492CEF74F700DDCD4D /* BMSceneSetupServerDelegate.swift */ = {isa = PBXFileReference; lastKnownFileType = sourcecode.swift; path = BMSceneSetupServerDelegate.swift; sourceTree = "<group>"; };
		50F3174B2CEF758D00DDCD4D /* BMSensorClientDelegate.swift */ = {isa = PBXFileReference; lastKnownFileType = sourcecode.swift; path = BMSensorClientDelegate.swift; sourceTree = "<group>"; };
		50F3174D2CEF7B5C00DDCD4D /* BMGenericPowerOnOffClientDelegate.swift */ = {isa = PBXFileReference; lastKnownFileType = sourcecode.swift; path = BMGenericPowerOnOffClientDelegate.swift; sourceTree = "<group>"; };
		50F3174F2CEF7B8C00DDCD4D /* BMGenericDefaultTransitionTimeClientDelegate.swift */ = {isa = PBXFileReference; lastKnownFileType = sourcecode.swift; path = BMGenericDefaultTransitionTimeClientDelegate.swift; sourceTree = "<group>"; };
		50F317512CEF7BBA00DDCD4D /* BMGenericLevelServerDelegate.swift */ = {isa = PBXFileReference; lastKnownFileType = sourcecode.swift; path = BMGenericLevelServerDelegate.swift; sourceTree = "<group>"; };
		50F317532CEF7BE300DDCD4D /* BMGenericState.swift */ = {isa = PBXFileReference; lastKnownFileType = sourcecode.swift; path = BMGenericState.swift; sourceTree = "<group>"; };
		50F317552CEF7C9D00DDCD4D /* BMGenericOnOffClientDelegate.swift */ = {isa = PBXFileReference; lastKnownFileType = sourcecode.swift; path = BMGenericOnOffClientDelegate.swift; sourceTree = "<group>"; };
		50F317572CEF7E1000DDCD4D /* BMGenericLevelClientDelegate.swift */ = {isa = PBXFileReference; lastKnownFileType = sourcecode.swift; path = BMGenericLevelClientDelegate.swift; sourceTree = "<group>"; };
		50F317592CEF7E3B00DDCD4D /* BMLightLCClientDelegate.swift */ = {isa = PBXFileReference; lastKnownFileType = sourcecode.swift; path = BMLightLCClientDelegate.swift; sourceTree = "<group>"; };
		50FD53DD2CE5FC0200FF61F3 /* BleManager.swift */ = {isa = PBXFileReference; lastKnownFileType = sourcecode.swift; path = BleManager.swift; sourceTree = "<group>"; };
		6CF535B777054E49891D465B /* noop-file.swift */ = {isa = PBXFileReference; explicitFileType = undefined; fileEncoding = 4; includeInIndex = 0; lastKnownFileType = sourcecode.swift; name = "noop-file.swift"; path = "SimplelinkConnect/noop-file.swift"; sourceTree = "<group>"; };
		85C25F24F08E9C15C34207F5 /* libPods-SimplelinkConnect.a */ = {isa = PBXFileReference; explicitFileType = archive.ar; includeInIndex = 0; path = "libPods-SimplelinkConnect.a"; sourceTree = BUILT_PRODUCTS_DIR; };
		AA286B85B6C04FC6940260E9 /* SplashScreen.storyboard */ = {isa = PBXFileReference; fileEncoding = 4; lastKnownFileType = file.storyboard; name = SplashScreen.storyboard; path = SimplelinkConnect/SplashScreen.storyboard; sourceTree = "<group>"; };
		BB2F792C24A3F905000567C9 /* Expo.plist */ = {isa = PBXFileReference; fileEncoding = 4; lastKnownFileType = text.plist.xml; path = Expo.plist; sourceTree = "<group>"; };
		D6F4D6FD52CB60C22F94F056 /* Pods-SimplelinkConnect.debug.xcconfig */ = {isa = PBXFileReference; includeInIndex = 1; lastKnownFileType = text.xcconfig; name = "Pods-SimplelinkConnect.debug.xcconfig"; path = "Target Support Files/Pods-SimplelinkConnect/Pods-SimplelinkConnect.debug.xcconfig"; sourceTree = "<group>"; };
		ED297162215061F000B7C4FE /* JavaScriptCore.framework */ = {isa = PBXFileReference; lastKnownFileType = wrapper.framework; name = JavaScriptCore.framework; path = System/Library/Frameworks/JavaScriptCore.framework; sourceTree = SDKROOT; };
		FAC715A2D49A985799AEE119 /* ExpoModulesProvider.swift */ = {isa = PBXFileReference; includeInIndex = 1; lastKnownFileType = sourcecode.swift; name = ExpoModulesProvider.swift; path = "Pods/Target Support Files/Pods-SimplelinkConnect/ExpoModulesProvider.swift"; sourceTree = "<group>"; };
/* End PBXFileReference section */

/* Begin PBXFrameworksBuildPhase section */
		13B07F8C1A680F5B00A75B9A /* Frameworks */ = {
			isa = PBXFrameworksBuildPhase;
			buildActionMask = 2147483647;
			files = (
				D184B82B9B74DC3FE0F0D795 /* libPods-SimplelinkConnect.a in Frameworks */,
			);
			runOnlyForDeploymentPostprocessing = 0;
		};
/* End PBXFrameworksBuildPhase section */

/* Begin PBXGroup section */
		13B07FAE1A68108700A75B9A /* SimplelinkConnect */ = {
			isa = PBXGroup;
			children = (
				226FCBEA2981995200671080 /* Fonts */,
				BB2F792B24A3F905000567C9 /* Supporting */,
				008F07F21AC5B25A0029DE68 /* main.jsbundle */,
				13B07FAF1A68108700A75B9A /* AppDelegate.h */,
				13B07FB01A68108700A75B9A /* AppDelegate.mm */,
				13B07FB51A68108700A75B9A /* Images.xcassets */,
				13B07FB61A68108700A75B9A /* Info.plist */,
				13B07FB71A68108700A75B9A /* main.m */,
				AA286B85B6C04FC6940260E9 /* SplashScreen.storyboard */,
				6CF535B777054E49891D465B /* noop-file.swift */,
			);
			name = SimplelinkConnect;
			sourceTree = "<group>";
		};
		226FCBEA2981995200671080 /* Fonts */ = {
			isa = PBXGroup;
			children = (
				226FCC092981A8F300671080 /* ti.ttf */,
				226FCBEB2981995200671080 /* Fontisto.ttf */,
				1FBC7E4F2ABDC82C00652064 /* brands.ttf */,
				226FCBEC2981995200671080 /* Octicons.ttf */,
				226FCBED2981995200671080 /* Feather.ttf */,
				226FCBEE2981995200671080 /* Entypo.ttf */,
				226FCBEF2981995200671080 /* FontAwesome5_Brands.ttf */,
				226FCBF02981995200671080 /* MaterialCommunityIcons.ttf */,
				226FCBF12981995200671080 /* AntDesign.ttf */,
				226FCBF22981995200671080 /* Foundation.ttf */,
				226FCBF32981995200671080 /* Ionicons.ttf */,
				226FCBF42981995200671080 /* FontAwesome5_Solid.ttf */,
				226FCBF52981995200671080 /* FontAwesome5_Regular.ttf */,
				226FCBF62981995200671080 /* FontAwesome.ttf */,
				226FCBF72981995200671080 /* Zocial.ttf */,
				226FCBF82981995200671080 /* EvilIcons.ttf */,
				226FCBF92981995200671080 /* MaterialIcons.ttf */,
			);
			name = Fonts;
			path = "../node_modules/react-native-vector-icons/Fonts";
			sourceTree = "<group>";
		};
		2D16E6871FA4F8E400B85C8A /* Frameworks */ = {
			isa = PBXGroup;
			children = (
				ED297162215061F000B7C4FE /* JavaScriptCore.framework */,
				85C25F24F08E9C15C34207F5 /* libPods-SimplelinkConnect.a */,
			);
			name = Frameworks;
			sourceTree = "<group>";
		};
		50C8E9DB2CE37ADA004E00A7 /* Mesh */ = {
			isa = PBXGroup;
			children = (
				50CB781E2D2E7586009EEEF8 /* Vendor Model */,
				50F3175B2CEF7FDE00DDCD4D /* Models */,
				50C8E9D92CE0B4EE004E00A7 /* CompanyIdentifiers.swift */,
				50C8E9DE2CE4955F004E00A7 /* MeshRepository.swift */,
				50FD53DD2CE5FC0200FF61F3 /* BleManager.swift */,
				50F3173B2CEF692900DDCD4D /* NetworkConnection.swift */,
				50F3173D2CEF6AEF00DDCD4D /* AppDelegate.swift */,
				50E2BD322D67557200DE5856 /* QuickSetupNode.swift */,
				50E2BD342D67573000DE5856 /* MeshTask.swift */,
			);
			path = Mesh;
			sourceTree = "<group>";
		};
		50CB781E2D2E7586009EEEF8 /* Vendor Model */ = {
			isa = PBXGroup;
			children = (
				50CB781F2D2E75B6009EEEF8 /* VendorMessageSet.swift */,
			);
			path = "Vendor Model";
			sourceTree = "<group>";
		};
		50F3175B2CEF7FDE00DDCD4D /* Models */ = {
			isa = PBXGroup;
			children = (
				50F317452CEF742100DDCD4D /* BMGenericOnOffServerDelegate.swift */,
				50F317432CEF739A00DDCD4D /* BMGenericDefaultTransitionTimeServerDelegate.swift */,
				50F317472CEF74A100DDCD4D /* BMSceneServerDelegate.swift */,
				50F317492CEF74F700DDCD4D /* BMSceneSetupServerDelegate.swift */,
				50F3174B2CEF758D00DDCD4D /* BMSensorClientDelegate.swift */,
				50F3174D2CEF7B5C00DDCD4D /* BMGenericPowerOnOffClientDelegate.swift */,
				50F3174F2CEF7B8C00DDCD4D /* BMGenericDefaultTransitionTimeClientDelegate.swift */,
				50F317512CEF7BBA00DDCD4D /* BMGenericLevelServerDelegate.swift */,
				50F317532CEF7BE300DDCD4D /* BMGenericState.swift */,
				50F317552CEF7C9D00DDCD4D /* BMGenericOnOffClientDelegate.swift */,
				50F317572CEF7E1000DDCD4D /* BMGenericLevelClientDelegate.swift */,
				50F317592CEF7E3B00DDCD4D /* BMLightLCClientDelegate.swift */,
				50AC56B32E3673500080B3BA /* ModelExtension.swift */,
				50AC56B82E3677B60080B3BA /* UInt16Extension.swift */,
			);
			path = Models;
			sourceTree = "<group>";
		};
		832341AE1AAA6A7D00B99B32 /* Libraries */ = {
			isa = PBXGroup;
			children = (
			);
			name = Libraries;
			sourceTree = "<group>";
		};
		83CBB9F61A601CBA00E9B192 = {
			isa = PBXGroup;
			children = (
				509F66472E71A0C60038D76C /* Images.xcassets */,
				509F66442E70658A0038D76C /* main.jsbundle */,
				50C8E9DB2CE37ADA004E00A7 /* Mesh */,
				505B299F2CA14D6700359C16 /* MeshModule-Bridging-Header.h */,
				505B299D2CA14B3B00359C16 /* NativeModulesBridge.m */,
				505B299B2CA14A8900359C16 /* MeshModule.swift */,
				506231EF2E546FF200AB6483 /* DFUModule.swift */,
				13B07FAE1A68108700A75B9A /* SimplelinkConnect */,
				832341AE1AAA6A7D00B99B32 /* Libraries */,
				83CBBA001A601CBA00E9B192 /* Products */,
				2D16E6871FA4F8E400B85C8A /* Frameworks */,
				D65327D7A22EEC0BE12398D9 /* Pods */,
				D7E4C46ADA2E9064B798F356 /* ExpoModulesProviders */,
			);
			indentWidth = 2;
			sourceTree = "<group>";
			tabWidth = 2;
			usesTabs = 0;
		};
		83CBBA001A601CBA00E9B192 /* Products */ = {
			isa = PBXGroup;
			children = (
				13B07F961A680F5B00A75B9A /* SimpleLinkConnect.app */,
			);
			name = Products;
			sourceTree = "<group>";
		};
		92DBD88DE9BF7D494EA9DA96 /* SimplelinkConnect */ = {
			isa = PBXGroup;
			children = (
				FAC715A2D49A985799AEE119 /* ExpoModulesProvider.swift */,
			);
			name = SimplelinkConnect;
			sourceTree = "<group>";
		};
		BB2F792B24A3F905000567C9 /* Supporting */ = {
			isa = PBXGroup;
			children = (
				BB2F792C24A3F905000567C9 /* Expo.plist */,
			);
			name = Supporting;
			path = SimplelinkConnect/Supporting;
			sourceTree = "<group>";
		};
		D65327D7A22EEC0BE12398D9 /* Pods */ = {
			isa = PBXGroup;
			children = (
				D6F4D6FD52CB60C22F94F056 /* Pods-SimplelinkConnect.debug.xcconfig */,
				4DF362E59CE5B993E23C5444 /* Pods-SimplelinkConnect.release.xcconfig */,
			);
			path = Pods;
			sourceTree = "<group>";
		};
		D7E4C46ADA2E9064B798F356 /* ExpoModulesProviders */ = {
			isa = PBXGroup;
			children = (
				92DBD88DE9BF7D494EA9DA96 /* SimplelinkConnect */,
			);
			name = ExpoModulesProviders;
			sourceTree = "<group>";
		};
/* End PBXGroup section */

/* Begin PBXNativeTarget section */
		13B07F861A680F5B00A75B9A /* SimplelinkConnect */ = {
			isa = PBXNativeTarget;
			buildConfigurationList = 13B07F931A680F5B00A75B9A /* Build configuration list for PBXNativeTarget "SimplelinkConnect" */;
			buildPhases = (
				BCD082D38E263F008EA66477 /* [CP] Check Pods Manifest.lock */,
				FD10A7F022414F080027D42C /* Start Packager */,
				13B07F871A680F5B00A75B9A /* Sources */,
				13B07F8C1A680F5B00A75B9A /* Frameworks */,
				13B07F8E1A680F5B00A75B9A /* Resources */,
				00DD1BFF1BD5951E006B06BC /* Bundle React Native code and images */,
				2640C9B7E4391FCF4BB6F7F5 /* [CP] Copy Pods Resources */,
			);
			buildRules = (
			);
			dependencies = (
			);
			name = SimplelinkConnect;
			productName = SimplelinkConnect;
			productReference = 13B07F961A680F5B00A75B9A /* SimpleLinkConnect.app */;
			productType = "com.apple.product-type.application";
		};
/* End PBXNativeTarget section */

/* Begin PBXProject section */
		83CBB9F71A601CBA00E9B192 /* Project object */ = {
			isa = PBXProject;
			attributes = {
				LastUpgradeCheck = 1130;
				TargetAttributes = {
					13B07F861A680F5B00A75B9A = {
						DevelopmentTeam = XXXXX;
						LastSwiftMigration = 1250;
						ProvisioningStyle = Automatic;
					};
				};
			};
			buildConfigurationList = 83CBB9FA1A601CBA00E9B192 /* Build configuration list for PBXProject "SimplelinkConnect" */;
			compatibilityVersion = "Xcode 3.2";
			developmentRegion = en;
			hasScannedForEncodings = 0;
			knownRegions = (
				en,
				Base,
			);
			mainGroup = 83CBB9F61A601CBA00E9B192;
			productRefGroup = 83CBBA001A601CBA00E9B192 /* Products */;
			projectDirPath = "";
			projectRoot = "";
			targets = (
				13B07F861A680F5B00A75B9A /* SimplelinkConnect */,
			);
		};
/* End PBXProject section */

/* Begin PBXResourcesBuildPhase section */
		13B07F8E1A680F5B00A75B9A /* Resources */ = {
			isa = PBXResourcesBuildPhase;
			buildActionMask = 2147483647;
			files = (
				13B07FBF1A68108700A75B9A /* Images.xcassets in Resources */,
				509F66452E70658A0038D76C /* main.jsbundle in Resources */,
				226FCC042981995200671080 /* FontAwesome5_Regular.ttf in Resources */,
				226FCBFB2981995200671080 /* Octicons.ttf in Resources */,
				226FCBFE2981995200671080 /* FontAwesome5_Brands.ttf in Resources */,
				226FCC022981995200671080 /* Ionicons.ttf in Resources */,
				226FCC032981995200671080 /* FontAwesome5_Solid.ttf in Resources */,
				226FCBFD2981995200671080 /* Entypo.ttf in Resources */,
				BB2F792D24A3F905000567C9 /* Expo.plist in Resources */,
				226FCC002981995200671080 /* AntDesign.ttf in Resources */,
				226FCC062981995200671080 /* Zocial.ttf in Resources */,
				226FCC012981995200671080 /* Foundation.ttf in Resources */,
				226FCBFC2981995200671080 /* Feather.ttf in Resources */,
				226FCC072981995200671080 /* EvilIcons.ttf in Resources */,
				226FCC052981995200671080 /* FontAwesome.ttf in Resources */,
				226FCC082981995200671080 /* MaterialIcons.ttf in Resources */,
				226FCC0A2981A8F400671080 /* ti.ttf in Resources */,
				1FBC7E502ABDC82C00652064 /* brands.ttf in Resources */,
				226FCBFA2981995200671080 /* Fontisto.ttf in Resources */,
				226FCBFF2981995200671080 /* MaterialCommunityIcons.ttf in Resources */,
				3E461D99554A48A4959DE609 /* SplashScreen.storyboard in Resources */,
			);
			runOnlyForDeploymentPostprocessing = 0;
		};
/* End PBXResourcesBuildPhase section */

/* Begin PBXShellScriptBuildPhase section */
		00DD1BFF1BD5951E006B06BC /* Bundle React Native code and images */ = {
			isa = PBXShellScriptBuildPhase;
			buildActionMask = 2147483647;
			files = (
			);
			inputPaths = (
			);
			name = "Bundle React Native code and images";
			outputPaths = (
			);
			runOnlyForDeploymentPostprocessing = 0;
			shellPath = /bin/sh;
			shellScript = "if [[ -f \"$PODS_ROOT/../.xcode.env\" ]]; then\n  source \"$PODS_ROOT/../.xcode.env\"\nfi\nif [[ -f \"$PODS_ROOT/../.xcode.env.local\" ]]; then\n  source \"$PODS_ROOT/../.xcode.env.local\"\nfi\n\n# The project root by default is one level up from the ios directory\nexport PROJECT_ROOT=\"$PROJECT_DIR\"/..\n\nif [[ \"$CONFIGURATION\" = *Debug* ]]; then\n  export SKIP_BUNDLING=1\nfi\n`\"$NODE_BINARY\" --print \"require('path').dirname(require.resolve('react-native/package.json')) + '/scripts/react-native-xcode.sh'\"`\n\n";
		};
		2640C9B7E4391FCF4BB6F7F5 /* [CP] Copy Pods Resources */ = {
			isa = PBXShellScriptBuildPhase;
			buildActionMask = 2147483647;
			files = (
			);
			inputPaths = (
				"${PODS_ROOT}/Target Support Files/Pods-SimplelinkConnect/Pods-SimplelinkConnect-resources.sh",
				"${PODS_CONFIGURATION_BUILD_DIR}/CryptoSwift/CryptoSwift.bundle",
				"${PODS_CONFIGURATION_BUILD_DIR}/EXConstants/EXConstants.bundle",
				"${PODS_CONFIGURATION_BUILD_DIR}/RNDeviceInfo/RNDeviceInfoPrivacyInfo.bundle",
				"${PODS_CONFIGURATION_BUILD_DIR}/React-Core/AccessibilityResources.bundle",
				"${PODS_CONFIGURATION_BUILD_DIR}/RxCocoa/RxCocoa_Privacy.bundle",
				"${PODS_CONFIGURATION_BUILD_DIR}/RxRelay/RxRelay_Privacy.bundle",
				"${PODS_CONFIGURATION_BUILD_DIR}/RxSwift/RxSwift_Privacy.bundle",
				"${PODS_CONFIGURATION_BUILD_DIR}/ZIPFoundation/ZIPFoundation_Privacy.bundle",
				"${PODS_CONFIGURATION_BUILD_DIR}/nRFMeshProvision/PrivacyInfo.bundle",
			);
			name = "[CP] Copy Pods Resources";
			outputPaths = (
				"${TARGET_BUILD_DIR}/${UNLOCALIZED_RESOURCES_FOLDER_PATH}/CryptoSwift.bundle",
				"${TARGET_BUILD_DIR}/${UNLOCALIZED_RESOURCES_FOLDER_PATH}/EXConstants.bundle",
				"${TARGET_BUILD_DIR}/${UNLOCALIZED_RESOURCES_FOLDER_PATH}/RNDeviceInfoPrivacyInfo.bundle",
				"${TARGET_BUILD_DIR}/${UNLOCALIZED_RESOURCES_FOLDER_PATH}/AccessibilityResources.bundle",
				"${TARGET_BUILD_DIR}/${UNLOCALIZED_RESOURCES_FOLDER_PATH}/RxCocoa_Privacy.bundle",
				"${TARGET_BUILD_DIR}/${UNLOCALIZED_RESOURCES_FOLDER_PATH}/RxRelay_Privacy.bundle",
				"${TARGET_BUILD_DIR}/${UNLOCALIZED_RESOURCES_FOLDER_PATH}/RxSwift_Privacy.bundle",
				"${TARGET_BUILD_DIR}/${UNLOCALIZED_RESOURCES_FOLDER_PATH}/ZIPFoundation_Privacy.bundle",
				"${TARGET_BUILD_DIR}/${UNLOCALIZED_RESOURCES_FOLDER_PATH}/PrivacyInfo.bundle",
			);
			runOnlyForDeploymentPostprocessing = 0;
			shellPath = /bin/sh;
			shellScript = "\"${PODS_ROOT}/Target Support Files/Pods-SimplelinkConnect/Pods-SimplelinkConnect-resources.sh\"\n";
			showEnvVarsInLog = 0;
		};
		BCD082D38E263F008EA66477 /* [CP] Check Pods Manifest.lock */ = {
			isa = PBXShellScriptBuildPhase;
			buildActionMask = 2147483647;
			files = (
			);
			inputFileListPaths = (
			);
			inputPaths = (
				"${PODS_PODFILE_DIR_PATH}/Podfile.lock",
				"${PODS_ROOT}/Manifest.lock",
			);
			name = "[CP] Check Pods Manifest.lock";
			outputFileListPaths = (
			);
			outputPaths = (
				"$(DERIVED_FILE_DIR)/Pods-SimplelinkConnect-checkManifestLockResult.txt",
			);
			runOnlyForDeploymentPostprocessing = 0;
			shellPath = /bin/sh;
			shellScript = "diff \"${PODS_PODFILE_DIR_PATH}/Podfile.lock\" \"${PODS_ROOT}/Manifest.lock\" > /dev/null\nif [ $? != 0 ] ; then\n    # print error to STDERR\n    echo \"error: The sandbox is not in sync with the Podfile.lock. Run 'pod install' or update your CocoaPods installation.\" >&2\n    exit 1\nfi\n# This output is used by Xcode 'outputs' to avoid re-running this script phase.\necho \"SUCCESS\" > \"${SCRIPT_OUTPUT_FILE_0}\"\n";
			showEnvVarsInLog = 0;
		};
		FD10A7F022414F080027D42C /* Start Packager */ = {
			isa = PBXShellScriptBuildPhase;
			buildActionMask = 2147483647;
			files = (
			);
			inputFileListPaths = (
			);
			inputPaths = (
			);
			name = "Start Packager";
			outputFileListPaths = (
			);
			outputPaths = (
			);
			runOnlyForDeploymentPostprocessing = 0;
			shellPath = /bin/sh;
			shellScript = "if [[ -f \"$PODS_ROOT/../.xcode.env\" ]]; then\n  source \"$PODS_ROOT/../.xcode.env\"\nfi\nif [[ -f \"$PODS_ROOT/../.xcode.env.local\" ]]; then\n  source \"$PODS_ROOT/../.xcode.env.local\"\nfi\n\nexport RCT_METRO_PORT=\"${RCT_METRO_PORT:=8081}\"\necho \"export RCT_METRO_PORT=${RCT_METRO_PORT}\" > `$NODE_BINARY --print \"require('path').dirname(require.resolve('react-native/package.json')) + '/scripts/.packager.env'\"`\nif [ -z \"${RCT_NO_LAUNCH_PACKAGER+xxx}\" ] ; then\n  if nc -w 5 -z localhost ${RCT_METRO_PORT} ; then\n    if ! curl -s \"http://localhost:${RCT_METRO_PORT}/status\" | grep -q \"packager-status:running\" ; then\n      echo \"Port ${RCT_METRO_PORT} already in use, packager is either not running or not running correctly\"\n      exit 2\n    fi\n  else\n    open `$NODE_BINARY --print \"require('path').dirname(require.resolve('react-native/package.json')) + '/scripts/launchPackager.command'\"` || echo \"Can't start packager automatically\"\n  fi\nfi\n";
			showEnvVarsInLog = 0;
		};
/* End PBXShellScriptBuildPhase section */

/* Begin PBXSourcesBuildPhase section */
		13B07F871A680F5B00A75B9A /* Sources */ = {
			isa = PBXSourcesBuildPhase;
			buildActionMask = 2147483647;
			files = (
				50F3175C2CEF83AC00DDCD4D /* AppDelegate.mm in Sources */,
				50F3174E2CEF7B5C00DDCD4D /* BMGenericPowerOnOffClientDelegate.swift in Sources */,
				50CB78202D2E75B6009EEEF8 /* VendorMessageSet.swift in Sources */,
				50C8E9DA2CE0B4EE004E00A7 /* CompanyIdentifiers.swift in Sources */,
				50E2BD332D67557200DE5856 /* QuickSetupNode.swift in Sources */,
				50F317582CEF7E1000DDCD4D /* BMGenericLevelClientDelegate.swift in Sources */,
				50F3174C2CEF758D00DDCD4D /* BMSensorClientDelegate.swift in Sources */,
				13B07FC11A68108700A75B9A /* main.m in Sources */,
				50F317482CEF74A100DDCD4D /* BMSceneServerDelegate.swift in Sources */,
				50F317462CEF742100DDCD4D /* BMGenericOnOffServerDelegate.swift in Sources */,
				B18059E884C0ABDD17F3DC3D /* ExpoModulesProvider.swift in Sources */,
				506231F02E546FF200AB6483 /* DFUModule.swift in Sources */,
				50F3175A2CEF7E3B00DDCD4D /* BMLightLCClientDelegate.swift in Sources */,
				50AC56B42E3673500080B3BA /* ModelExtension.swift in Sources */,
				50C8E9DF2CE49560004E00A7 /* MeshRepository.swift in Sources */,
				50F317442CEF739A00DDCD4D /* BMGenericDefaultTransitionTimeServerDelegate.swift in Sources */,
				50FD53DE2CE5FC0200FF61F3 /* BleManager.swift in Sources */,
				50F3174A2CEF74F700DDCD4D /* BMSceneSetupServerDelegate.swift in Sources */,
				50F317522CEF7BBA00DDCD4D /* BMGenericLevelServerDelegate.swift in Sources */,
				50F317562CEF7C9D00DDCD4D /* BMGenericOnOffClientDelegate.swift in Sources */,
				50F317502CEF7B8C00DDCD4D /* BMGenericDefaultTransitionTimeClientDelegate.swift in Sources */,
				50AC56B92E3677B60080B3BA /* UInt16Extension.swift in Sources */,
				50E2BD352D67573000DE5856 /* MeshTask.swift in Sources */,
				50F317542CEF7BE300DDCD4D /* BMGenericState.swift in Sources */,
				50F3173E2CEF6AEF00DDCD4D /* AppDelegate.swift in Sources */,
				50F3173C2CEF692900DDCD4D /* NetworkConnection.swift in Sources */,
				505B299C2CA14A8900359C16 /* MeshModule.swift in Sources */,
				F24099C8AD2B49A8B3678E06 /* noop-file.swift in Sources */,
				505B299E2CA14B3B00359C16 /* NativeModulesBridge.m in Sources */,
			);
			runOnlyForDeploymentPostprocessing = 0;
		};
/* End PBXSourcesBuildPhase section */

/* Begin XCBuildConfiguration section */
		13B07F941A680F5B00A75B9A /* Debug */ = {
			isa = XCBuildConfiguration;
			baseConfigurationReference = D6F4D6FD52CB60C22F94F056 /* Pods-SimplelinkConnect.debug.xcconfig */;
			buildSettings = {
				ASSETCATALOG_COMPILER_APPICON_NAME = AppIcon;
				CLANG_ENABLE_MODULES = YES;
				CODE_SIGN_ENTITLEMENTS = SimplelinkConnect/SimplelinkConnectDebug.entitlements;
				CODE_SIGN_IDENTITY = "Apple Development";
				CODE_SIGN_STYLE = Automatic;
				CURRENT_PROJECT_VERSION = 1;
				DEVELOPMENT_TEAM = XXXXX;
				ENABLE_BITCODE = NO;
				GCC_PREPROCESSOR_DEFINITIONS = (
					"$(inherited)",
					"FB_SONARKIT_ENABLED=1",
				);
				HEADER_SEARCH_PATHS = (
					"$(inherited)",
					"\"${PODS_ROOT}/Headers/Public\"",
					"\"${PODS_ROOT}/Headers/Public/BVLinearGradient\"",
					"\"${PODS_ROOT}/Headers/Public/DoubleConversion\"",
					"\"${PODS_ROOT}/Headers/Public/EXApplication\"",
					"\"${PODS_ROOT}/Headers/Public/EXConstants\"",
					"\"${PODS_ROOT}/Headers/Public/EXErrorRecovery\"",
					"\"${PODS_ROOT}/Headers/Public/EXFileSystem\"",
					"\"${PODS_ROOT}/Headers/Public/EXFont\"",
					"\"${PODS_ROOT}/Headers/Public/EXSharing\"",
					"\"${PODS_ROOT}/Headers/Public/EXSplashScreen\"",
					"\"${PODS_ROOT}/Headers/Public/Expo\"",
					"\"${PODS_ROOT}/Headers/Public/ExpoModulesCore\"",
					"\"${PODS_ROOT}/Headers/Public/FBLazyVector\"",
					"\"${PODS_ROOT}/Headers/Public/RCT-Folly\"",
					"\"${PODS_ROOT}/Headers/Public/RCTRequired\"",
					"\"${PODS_ROOT}/Headers/Public/RCTTypeSafety\"",
					"\"${PODS_ROOT}/Headers/Public/RNCAsyncStorage\"",
					"\"${PODS_ROOT}/Headers/Public/RNDeviceInfo\"",
					"\"${PODS_ROOT}/Headers/Public/RNFS\"",
					"\"${PODS_ROOT}/Headers/Public/RNFlashList\"",
					"\"${PODS_ROOT}/Headers/Public/RNGestureHandler\"",
					"\"${PODS_ROOT}/Headers/Public/RNKeychain\"",
					"\"${PODS_ROOT}/Headers/Public/RNReanimated\"",
					"\"${PODS_ROOT}/Headers/Public/RNSVG\"",
					"\"${PODS_ROOT}/Headers/Public/RNScreens\"",
					"\"${PODS_ROOT}/Headers/Public/React-Codegen\"",
					"\"${PODS_ROOT}/Headers/Public/React-Core\"",
					"\"${PODS_ROOT}/Headers/Public/React-RCTAnimation\"",
					"\"${PODS_ROOT}/Headers/Public/React-RCTBlob\"",
					"\"${PODS_ROOT}/Headers/Public/React-RCTText\"",
					"\"${PODS_ROOT}/Headers/Public/React-bridging\"",
					"\"${PODS_ROOT}/Headers/Public/React-callinvoker\"",
					"\"${PODS_ROOT}/Headers/Public/React-cxxreact\"",
					"\"${PODS_ROOT}/Headers/Public/React-jsi\"",
					"\"${PODS_ROOT}/Headers/Public/React-jsiexecutor\"",
					"\"${PODS_ROOT}/Headers/Public/React-jsinspector\"",
					"\"${PODS_ROOT}/Headers/Public/React-logger\"",
					"\"${PODS_ROOT}/Headers/Public/React-perflogger\"",
					"\"${PODS_ROOT}/Headers/Public/React-runtimeexecutor\"",
					"\"${PODS_ROOT}/Headers/Public/ReactCommon\"",
					"\"${PODS_ROOT}/Headers/Public/Yoga\"",
					"\"${PODS_ROOT}/Headers/Public/fmt\"",
					"\"${PODS_ROOT}/Headers/Public/glog\"",
					"\"${PODS_ROOT}/Headers/Public/react-native-ble-manager\"",
					"\"${PODS_ROOT}/Headers/Public/react-native-charts-wrapper\"",
					"\"${PODS_ROOT}/Headers/Public/react-native-document-picker\"",
					"\"${PODS_ROOT}/Headers/Public/react-native-get-random-values\"",
					"\"${PODS_ROOT}/Headers/Public/react-native-idle-timer\"",
					"\"${PODS_ROOT}/Headers/Public/react-native-loader-kit\"",
					"\"${PODS_ROOT}/Headers/Public/react-native-restart\"",
					"\"${PODS_ROOT}/Headers/Public/react-native-safe-area-context\"",
					"\"$(PODS_ROOT)/DoubleConversion\"",
					"\"${PODS_CONFIGURATION_BUILD_DIR}/ExpoModulesCore/Swift Compatibility Header\"",
					"\"$(PODS_ROOT)/Headers/Private/React-bridging/react/bridging\"",
					"\"$(PODS_CONFIGURATION_BUILD_DIR)/React-bridging/react_bridging.framework/Headers\"",
					"\"$(PODS_ROOT)/boost\"",
					"\"$(PODS_ROOT)/boost\"",
					"\"$(PODS_ROOT)/boost-for-react-native\"",
					"\"$(PODS_ROOT)/glog\"",
					"\"$(PODS_ROOT)/RCT-Folly\"",
					"\"${PODS_ROOT}/Headers/Public/React-hermes\"",
					"\"${PODS_ROOT}/Headers/Public/hermes-engine\"",
					"\"$(PODS_ROOT)/Headers/Private/React-Core\"",
					"\"$(PODS_ROOT)/nRFMeshProvision\"/**",
				);
				INFOPLIST_FILE = SimplelinkConnect/Info.plist;
				INFOPLIST_KEY_CFBundleDisplayName = "SimpleLink™ Connect";
				IPHONEOS_DEPLOYMENT_TARGET = 13.0;
				LD_RUNPATH_SEARCH_PATHS = "$(inherited) @executable_path/Frameworks";
				MARKETING_VERSION = 2.1.0;
				OTHER_LDFLAGS = (
					"$(inherited)",
					"-ObjC",
					"-lc++",
				);
				OTHER_SWIFT_FLAGS = "$(inherited) -D EXPO_CONFIGURATION_DEBUG";
				PRODUCT_BUNDLE_IDENTIFIER = com.ti.connectivity.simplelinkconnect;
				PRODUCT_NAME = SimpleLinkConnect;
				SUPPORTED_PLATFORMS = "iphoneos iphonesimulator";
				SUPPORTS_MACCATALYST = NO;
				SUPPORTS_MAC_DESIGNED_FOR_IPHONE_IPAD = NO;
				SWIFT_OBJC_BRIDGING_HEADER = "MeshModule-Bridging-Header.h";
				"SWIFT_OBJC_BRIDGING_HEADER[arch=*]" = "";
				SWIFT_OPTIMIZATION_LEVEL = "-Onone";
				SWIFT_VERSION = 5.0;
				TARGETED_DEVICE_FAMILY = "1,2";
				VERSIONING_SYSTEM = "apple-generic";
			};
			name = Debug;
		};
		13B07F951A680F5B00A75B9A /* Release */ = {
			isa = XCBuildConfiguration;
			baseConfigurationReference = 4DF362E59CE5B993E23C5444 /* Pods-SimplelinkConnect.release.xcconfig */;
			buildSettings = {
				ASSETCATALOG_COMPILER_APPICON_NAME = AppIcon;
				CLANG_ENABLE_MODULES = YES;
				CODE_SIGN_ENTITLEMENTS = SimplelinkConnect/SimplelinkConnect.entitlements;
				CODE_SIGN_IDENTITY = "Apple Development";
				CODE_SIGN_STYLE = Automatic;
				CURRENT_PROJECT_VERSION = 1;
				DEVELOPMENT_TEAM = XXXXX;
				HEADER_SEARCH_PATHS = (
					"$(inherited)",
					"\"${PODS_ROOT}/Headers/Public\"",
					"\"${PODS_ROOT}/Headers/Public/BVLinearGradient\"",
					"\"${PODS_ROOT}/Headers/Public/DoubleConversion\"",
					"\"${PODS_ROOT}/Headers/Public/EXApplication\"",
					"\"${PODS_ROOT}/Headers/Public/EXConstants\"",
					"\"${PODS_ROOT}/Headers/Public/EXErrorRecovery\"",
					"\"${PODS_ROOT}/Headers/Public/EXFileSystem\"",
					"\"${PODS_ROOT}/Headers/Public/EXFont\"",
					"\"${PODS_ROOT}/Headers/Public/EXSharing\"",
					"\"${PODS_ROOT}/Headers/Public/EXSplashScreen\"",
					"\"${PODS_ROOT}/Headers/Public/Expo\"",
					"\"${PODS_ROOT}/Headers/Public/ExpoModulesCore\"",
					"\"${PODS_ROOT}/Headers/Public/FBLazyVector\"",
					"\"${PODS_ROOT}/Headers/Public/RCT-Folly\"",
					"\"${PODS_ROOT}/Headers/Public/RCTRequired\"",
					"\"${PODS_ROOT}/Headers/Public/RCTTypeSafety\"",
					"\"${PODS_ROOT}/Headers/Public/RNCAsyncStorage\"",
					"\"${PODS_ROOT}/Headers/Public/RNDeviceInfo\"",
					"\"${PODS_ROOT}/Headers/Public/RNFS\"",
					"\"${PODS_ROOT}/Headers/Public/RNFlashList\"",
					"\"${PODS_ROOT}/Headers/Public/RNGestureHandler\"",
					"\"${PODS_ROOT}/Headers/Public/RNKeychain\"",
					"\"${PODS_ROOT}/Headers/Public/RNReanimated\"",
					"\"${PODS_ROOT}/Headers/Public/RNSVG\"",
					"\"${PODS_ROOT}/Headers/Public/RNScreens\"",
					"\"${PODS_ROOT}/Headers/Public/React-Codegen\"",
					"\"${PODS_ROOT}/Headers/Public/React-Core\"",
					"\"${PODS_ROOT}/Headers/Public/React-RCTAnimation\"",
					"\"${PODS_ROOT}/Headers/Public/React-RCTBlob\"",
					"\"${PODS_ROOT}/Headers/Public/React-RCTText\"",
					"\"${PODS_ROOT}/Headers/Public/React-bridging\"",
					"\"${PODS_ROOT}/Headers/Public/React-callinvoker\"",
					"\"${PODS_ROOT}/Headers/Public/React-cxxreact\"",
					"\"${PODS_ROOT}/Headers/Public/React-jsi\"",
					"\"${PODS_ROOT}/Headers/Public/React-jsiexecutor\"",
					"\"${PODS_ROOT}/Headers/Public/React-jsinspector\"",
					"\"${PODS_ROOT}/Headers/Public/React-logger\"",
					"\"${PODS_ROOT}/Headers/Public/React-perflogger\"",
					"\"${PODS_ROOT}/Headers/Public/React-runtimeexecutor\"",
					"\"${PODS_ROOT}/Headers/Public/ReactCommon\"",
					"\"${PODS_ROOT}/Headers/Public/Yoga\"",
					"\"${PODS_ROOT}/Headers/Public/fmt\"",
					"\"${PODS_ROOT}/Headers/Public/glog\"",
					"\"${PODS_ROOT}/Headers/Public/react-native-ble-manager\"",
					"\"${PODS_ROOT}/Headers/Public/react-native-charts-wrapper\"",
					"\"${PODS_ROOT}/Headers/Public/react-native-document-picker\"",
					"\"${PODS_ROOT}/Headers/Public/react-native-get-random-values\"",
					"\"${PODS_ROOT}/Headers/Public/react-native-idle-timer\"",
					"\"${PODS_ROOT}/Headers/Public/react-native-loader-kit\"",
					"\"${PODS_ROOT}/Headers/Public/react-native-restart\"",
					"\"${PODS_ROOT}/Headers/Public/react-native-safe-area-context\"",
					"\"$(PODS_ROOT)/DoubleConversion\"",
					"\"${PODS_CONFIGURATION_BUILD_DIR}/ExpoModulesCore/Swift Compatibility Header\"",
					"\"$(PODS_ROOT)/Headers/Private/React-bridging/react/bridging\"",
					"\"$(PODS_CONFIGURATION_BUILD_DIR)/React-bridging/react_bridging.framework/Headers\"",
					"\"$(PODS_ROOT)/boost\"",
					"\"$(PODS_ROOT)/boost\"",
					"\"$(PODS_ROOT)/boost-for-react-native\"",
					"\"$(PODS_ROOT)/glog\"",
					"\"$(PODS_ROOT)/RCT-Folly\"",
					"\"${PODS_ROOT}/Headers/Public/React-hermes\"",
					"\"${PODS_ROOT}/Headers/Public/hermes-engine\"",
					"\"$(PODS_ROOT)/Headers/Private/React-Core\"",
					"\"$(PODS_ROOT)/nRFMeshProvision\"/**",
				);
				INFOPLIST_FILE = SimplelinkConnect/Info.plist;
				INFOPLIST_KEY_CFBundleDisplayName = "SimpleLink™ Connect";
				IPHONEOS_DEPLOYMENT_TARGET = 13.0;
				LD_RUNPATH_SEARCH_PATHS = "$(inherited) @executable_path/Frameworks";
				MARKETING_VERSION = 6;
				OTHER_LDFLAGS = (
					"$(inherited)",
					"-ObjC",
					"-lc++",
				);
				OTHER_SWIFT_FLAGS = "$(inherited) -D EXPO_CONFIGURATION_RELEASE";
				PRODUCT_BUNDLE_IDENTIFIER = com.ti.connectivity.simplelinkconnect;
				PRODUCT_NAME = SimpleLinkConnect;
				SUPPORTED_PLATFORMS = "iphoneos iphonesimulator";
				SUPPORTS_MACCATALYST = NO;
				SUPPORTS_MAC_DESIGNED_FOR_IPHONE_IPAD = NO;
				SWIFT_OBJC_BRIDGING_HEADER = "MeshModule-Bridging-Header.h";
				SWIFT_VERSION = 5.0;
				TARGETED_DEVICE_FAMILY = "1,2";
				VERSIONING_SYSTEM = "apple-generic";
			};
			name = Release;
		};
		83CBBA201A601CBA00E9B192 /* Debug */ = {
			isa = XCBuildConfiguration;
			buildSettings = {
				ALWAYS_SEARCH_USER_PATHS = NO;
				CLANG_ANALYZER_LOCALIZABILITY_NONLOCALIZED = YES;
				CLANG_CXX_LANGUAGE_STANDARD = "c++17";
				CLANG_CXX_LIBRARY = "libc++";
				CLANG_ENABLE_MODULES = YES;
				CLANG_ENABLE_OBJC_ARC = YES;
				CLANG_WARN_BLOCK_CAPTURE_AUTORELEASING = YES;
				CLANG_WARN_BOOL_CONVERSION = YES;
				CLANG_WARN_COMMA = YES;
				CLANG_WARN_CONSTANT_CONVERSION = YES;
				CLANG_WARN_DEPRECATED_OBJC_IMPLEMENTATIONS = YES;
				CLANG_WARN_DIRECT_OBJC_ISA_USAGE = YES_ERROR;
				CLANG_WARN_EMPTY_BODY = YES;
				CLANG_WARN_ENUM_CONVERSION = YES;
				CLANG_WARN_INFINITE_RECURSION = YES;
				CLANG_WARN_INT_CONVERSION = YES;
				CLANG_WARN_NON_LITERAL_NULL_CONVERSION = YES;
				CLANG_WARN_OBJC_IMPLICIT_RETAIN_SELF = YES;
				CLANG_WARN_OBJC_LITERAL_CONVERSION = YES;
				CLANG_WARN_OBJC_ROOT_CLASS = YES_ERROR;
				CLANG_WARN_RANGE_LOOP_ANALYSIS = YES;
				CLANG_WARN_STRICT_PROTOTYPES = YES;
				CLANG_WARN_SUSPICIOUS_MOVE = YES;
				CLANG_WARN_UNREACHABLE_CODE = YES;
				CLANG_WARN__DUPLICATE_METHOD_MATCH = YES;
				"CODE_SIGN_IDENTITY[sdk=iphoneos*]" = "iPhone Developer";
				COPY_PHASE_STRIP = NO;
				ENABLE_STRICT_OBJC_MSGSEND = YES;
				ENABLE_TESTABILITY = YES;
				"EXCLUDED_ARCHS[sdk=iphonesimulator*]" = "";
				GCC_C_LANGUAGE_STANDARD = gnu99;
				GCC_DYNAMIC_NO_PIC = NO;
				GCC_NO_COMMON_BLOCKS = YES;
				GCC_OPTIMIZATION_LEVEL = 0;
				GCC_PREPROCESSOR_DEFINITIONS = (
					"DEBUG=1",
					"$(inherited)",
				);
				GCC_SYMBOLS_PRIVATE_EXTERN = NO;
				GCC_WARN_64_TO_32_BIT_CONVERSION = YES;
				GCC_WARN_ABOUT_RETURN_TYPE = YES_ERROR;
				GCC_WARN_UNDECLARED_SELECTOR = YES;
				GCC_WARN_UNINITIALIZED_AUTOS = YES_AGGRESSIVE;
				GCC_WARN_UNUSED_FUNCTION = YES;
				GCC_WARN_UNUSED_VARIABLE = YES;
				IPHONEOS_DEPLOYMENT_TARGET = 12.0;
				LD_RUNPATH_SEARCH_PATHS = "/usr/lib/swift $(inherited)";
				LIBRARY_SEARCH_PATHS = "\"$(inherited)\"";
				MTL_ENABLE_DEBUG_INFO = YES;
				ONLY_ACTIVE_ARCH = YES;
				REACT_NATIVE_PATH = "${PODS_ROOT}/../../node_modules/react-native";
				SDKROOT = iphoneos;
			};
			name = Debug;
		};
		83CBBA211A601CBA00E9B192 /* Release */ = {
			isa = XCBuildConfiguration;
			buildSettings = {
				ALWAYS_SEARCH_USER_PATHS = NO;
				CLANG_ANALYZER_LOCALIZABILITY_NONLOCALIZED = YES;
				CLANG_CXX_LANGUAGE_STANDARD = "c++17";
				CLANG_CXX_LIBRARY = "libc++";
				CLANG_ENABLE_MODULES = YES;
				CLANG_ENABLE_OBJC_ARC = YES;
				CLANG_WARN_BLOCK_CAPTURE_AUTORELEASING = YES;
				CLANG_WARN_BOOL_CONVERSION = YES;
				CLANG_WARN_COMMA = YES;
				CLANG_WARN_CONSTANT_CONVERSION = YES;
				CLANG_WARN_DEPRECATED_OBJC_IMPLEMENTATIONS = YES;
				CLANG_WARN_DIRECT_OBJC_ISA_USAGE = YES_ERROR;
				CLANG_WARN_EMPTY_BODY = YES;
				CLANG_WARN_ENUM_CONVERSION = YES;
				CLANG_WARN_INFINITE_RECURSION = YES;
				CLANG_WARN_INT_CONVERSION = YES;
				CLANG_WARN_NON_LITERAL_NULL_CONVERSION = YES;
				CLANG_WARN_OBJC_IMPLICIT_RETAIN_SELF = YES;
				CLANG_WARN_OBJC_LITERAL_CONVERSION = YES;
				CLANG_WARN_OBJC_ROOT_CLASS = YES_ERROR;
				CLANG_WARN_RANGE_LOOP_ANALYSIS = YES;
				CLANG_WARN_STRICT_PROTOTYPES = YES;
				CLANG_WARN_SUSPICIOUS_MOVE = YES;
				CLANG_WARN_UNREACHABLE_CODE = YES;
				CLANG_WARN__DUPLICATE_METHOD_MATCH = YES;
				"CODE_SIGN_IDENTITY[sdk=iphoneos*]" = "iPhone Developer";
				COPY_PHASE_STRIP = YES;
				ENABLE_NS_ASSERTIONS = NO;
				ENABLE_STRICT_OBJC_MSGSEND = YES;
				"EXCLUDED_ARCHS[sdk=iphonesimulator*]" = "";
				GCC_C_LANGUAGE_STANDARD = gnu99;
				GCC_NO_COMMON_BLOCKS = YES;
				GCC_WARN_64_TO_32_BIT_CONVERSION = YES;
				GCC_WARN_ABOUT_RETURN_TYPE = YES_ERROR;
				GCC_WARN_UNDECLARED_SELECTOR = YES;
				GCC_WARN_UNINITIALIZED_AUTOS = YES_AGGRESSIVE;
				GCC_WARN_UNUSED_FUNCTION = YES;
				GCC_WARN_UNUSED_VARIABLE = YES;
				IPHONEOS_DEPLOYMENT_TARGET = 12.0;
				LD_RUNPATH_SEARCH_PATHS = "/usr/lib/swift $(inherited)";
				LIBRARY_SEARCH_PATHS = "\"$(inherited)\"";
				MTL_ENABLE_DEBUG_INFO = NO;
				REACT_NATIVE_PATH = "${PODS_ROOT}/../../node_modules/react-native";
				SDKROOT = iphoneos;
				VALIDATE_PRODUCT = YES;
			};
			name = Release;
		};
/* End XCBuildConfiguration section */

/* Begin XCConfigurationList section */
		13B07F931A680F5B00A75B9A /* Build configuration list for PBXNativeTarget "SimplelinkConnect" */ = {
			isa = XCConfigurationList;
			buildConfigurations = (
				13B07F941A680F5B00A75B9A /* Debug */,
				13B07F951A680F5B00A75B9A /* Release */,
			);
			defaultConfigurationIsVisible = 0;
			defaultConfigurationName = Release;
		};
		83CBB9FA1A601CBA00E9B192 /* Build configuration list for PBXProject "SimplelinkConnect" */ = {
			isa = XCConfigurationList;
			buildConfigurations = (
				83CBBA201A601CBA00E9B192 /* Debug */,
				83CBBA211A601CBA00E9B192 /* Release */,
			);
			defaultConfigurationIsVisible = 0;
			defaultConfigurationName = Release;
		};
/* End XCConfigurationList section */
	};
	rootObject = 83CBB9F71A601CBA00E9B192 /* Project object */;
}
