PODS:
  - BEMCheckBox (1.4.1)
  - boost (1.76.0)
  - BVLinearGradient (2.8.3):
    - React-Core
  - CryptoSwift (1.5.1)
  - DGCharts (5.0.0):
    - DGCharts/Core (= 5.0.0)
  - DGCharts/Core (5.0.0)
  - DoubleConversion (1.1.6)
  - EXApplication (4.2.2):
    - ExpoModulesCore
  - EXConstants (13.2.4):
    - ExpoModulesCore
  - EXErrorRecovery (3.2.0):
    - ExpoModulesCore
  - EXFileSystem (14.1.0):
    - ExpoModulesCore
  - EXFont (10.2.1):
    - ExpoModulesCore
  - Expo (46.0.21):
    - ExpoModulesCore
  - ExpoKeepAwake (10.2.1):
    - ExpoModulesCore
  - ExpoModulesCore (0.11.10):
    - React-Core
    - ReactCommon/turbomodule/core
  - ExpoSystemUI (1.3.0):
    - ExpoModulesCore
  - ExpoWebBrowser (11.0.0):
    - ExpoModulesCore
  - EXSharing (10.3.0):
    - ExpoModulesCore
  - EXSplashScreen (0.16.2):
    - ExpoModulesCore
    - React-Core
  - FBLazyVector (0.69.9)
  - FBReactNativeSpec (0.69.9):
    - RCT-Folly (= 2021.06.28.00-v2)
    - RCTRequired (= 0.69.9)
    - RCTTypeSafety (= 0.69.9)
    - React-Core (= 0.69.9)
    - React-jsi (= 0.69.9)
    - ReactCommon/turbomodule/core (= 0.69.9)
  - fmt (6.2.1)
  - glog (0.3.5)
  - nRFMeshProvision (3.2.0):
    - CryptoSwift (= 1.5.1)
  - NVActivityIndicatorView (5.1.1):
    - NVActivityIndicatorView/Base (= 5.1.1)
  - NVActivityIndicatorView/Base (5.1.1)
  - RCT-Folly (2021.06.28.00-v2):
    - boost
    - DoubleConversion
    - fmt (~> 6.2.1)
    - glog
    - RCT-Folly/Default (= 2021.06.28.00-v2)
  - RCT-Folly/Default (2021.06.28.00-v2):
    - boost
    - DoubleConversion
    - fmt (~> 6.2.1)
    - glog
  - RCTRequired (0.69.9)
  - RCTTypeSafety (0.69.9):
    - FBLazyVector (= 0.69.9)
    - RCTRequired (= 0.69.9)
    - React-Core (= 0.69.9)
  - React (0.69.9):
    - React-Core (= 0.69.9)
    - React-Core/DevSupport (= 0.69.9)
    - React-Core/RCTWebSocket (= 0.69.9)
    - React-RCTActionSheet (= 0.69.9)
    - React-RCTAnimation (= 0.69.9)
    - React-RCTBlob (= 0.69.9)
    - React-RCTImage (= 0.69.9)
    - React-RCTLinking (= 0.69.9)
    - React-RCTNetwork (= 0.69.9)
    - React-RCTSettings (= 0.69.9)
    - React-RCTText (= 0.69.9)
    - React-RCTVibration (= 0.69.9)
  - React-bridging (0.69.9):
    - RCT-Folly (= 2021.06.28.00-v2)
    - React-jsi (= 0.69.9)
  - React-callinvoker (0.69.9)
  - React-Codegen (0.69.9):
    - FBReactNativeSpec (= 0.69.9)
    - RCT-Folly (= 2021.06.28.00-v2)
    - RCTRequired (= 0.69.9)
    - RCTTypeSafety (= 0.69.9)
    - React-Core (= 0.69.9)
    - React-jsi (= 0.69.9)
    - React-jsiexecutor (= 0.69.9)
    - ReactCommon/turbomodule/core (= 0.69.9)
  - React-Core (0.69.9):
    - glog
    - RCT-Folly (= 2021.06.28.00-v2)
    - React-Core/Default (= 0.69.9)
    - React-cxxreact (= 0.69.9)
    - React-jsi (= 0.69.9)
    - React-jsiexecutor (= 0.69.9)
    - React-perflogger (= 0.69.9)
    - Yoga
  - React-Core/CoreModulesHeaders (0.69.9):
    - glog
    - RCT-Folly (= 2021.06.28.00-v2)
    - React-Core/Default
    - React-cxxreact (= 0.69.9)
    - React-jsi (= 0.69.9)
    - React-jsiexecutor (= 0.69.9)
    - React-perflogger (= 0.69.9)
    - Yoga
  - React-Core/Default (0.69.9):
    - glog
    - RCT-Folly (= 2021.06.28.00-v2)
    - React-cxxreact (= 0.69.9)
    - React-jsi (= 0.69.9)
    - React-jsiexecutor (= 0.69.9)
    - React-perflogger (= 0.69.9)
    - Yoga
  - React-Core/DevSupport (0.69.9):
    - glog
    - RCT-Folly (= 2021.06.28.00-v2)
    - React-Core/Default (= 0.69.9)
    - React-Core/RCTWebSocket (= 0.69.9)
    - React-cxxreact (= 0.69.9)
    - React-jsi (= 0.69.9)
    - React-jsiexecutor (= 0.69.9)
    - React-jsinspector (= 0.69.9)
    - React-perflogger (= 0.69.9)
    - Yoga
  - React-Core/RCTActionSheetHeaders (0.69.9):
    - glog
    - RCT-Folly (= 2021.06.28.00-v2)
    - React-Core/Default
    - React-cxxreact (= 0.69.9)
    - React-jsi (= 0.69.9)
    - React-jsiexecutor (= 0.69.9)
    - React-perflogger (= 0.69.9)
    - Yoga
  - React-Core/RCTAnimationHeaders (0.69.9):
    - glog
    - RCT-Folly (= 2021.06.28.00-v2)
    - React-Core/Default
    - React-cxxreact (= 0.69.9)
    - React-jsi (= 0.69.9)
    - React-jsiexecutor (= 0.69.9)
    - React-perflogger (= 0.69.9)
    - Yoga
  - React-Core/RCTBlobHeaders (0.69.9):
    - glog
    - RCT-Folly (= 2021.06.28.00-v2)
    - React-Core/Default
    - React-cxxreact (= 0.69.9)
    - React-jsi (= 0.69.9)
    - React-jsiexecutor (= 0.69.9)
    - React-perflogger (= 0.69.9)
    - Yoga
  - React-Core/RCTImageHeaders (0.69.9):
    - glog
    - RCT-Folly (= 2021.06.28.00-v2)
    - React-Core/Default
    - React-cxxreact (= 0.69.9)
    - React-jsi (= 0.69.9)
    - React-jsiexecutor (= 0.69.9)
    - React-perflogger (= 0.69.9)
    - Yoga
  - React-Core/RCTLinkingHeaders (0.69.9):
    - glog
    - RCT-Folly (= 2021.06.28.00-v2)
    - React-Core/Default
    - React-cxxreact (= 0.69.9)
    - React-jsi (= 0.69.9)
    - React-jsiexecutor (= 0.69.9)
    - React-perflogger (= 0.69.9)
    - Yoga
  - React-Core/RCTNetworkHeaders (0.69.9):
    - glog
    - RCT-Folly (= 2021.06.28.00-v2)
    - React-Core/Default
    - React-cxxreact (= 0.69.9)
    - React-jsi (= 0.69.9)
    - React-jsiexecutor (= 0.69.9)
    - React-perflogger (= 0.69.9)
    - Yoga
  - React-Core/RCTSettingsHeaders (0.69.9):
    - glog
    - RCT-Folly (= 2021.06.28.00-v2)
    - React-Core/Default
    - React-cxxreact (= 0.69.9)
    - React-jsi (= 0.69.9)
    - React-jsiexecutor (= 0.69.9)
    - React-perflogger (= 0.69.9)
    - Yoga
  - React-Core/RCTTextHeaders (0.69.9):
    - glog
    - RCT-Folly (= 2021.06.28.00-v2)
    - React-Core/Default
    - React-cxxreact (= 0.69.9)
    - React-jsi (= 0.69.9)
    - React-jsiexecutor (= 0.69.9)
    - React-perflogger (= 0.69.9)
    - Yoga
  - React-Core/RCTVibrationHeaders (0.69.9):
    - glog
    - RCT-Folly (= 2021.06.28.00-v2)
    - React-Core/Default
    - React-cxxreact (= 0.69.9)
    - React-jsi (= 0.69.9)
    - React-jsiexecutor (= 0.69.9)
    - React-perflogger (= 0.69.9)
    - Yoga
  - React-Core/RCTWebSocket (0.69.9):
    - glog
    - RCT-Folly (= 2021.06.28.00-v2)
    - React-Core/Default (= 0.69.9)
    - React-cxxreact (= 0.69.9)
    - React-jsi (= 0.69.9)
    - React-jsiexecutor (= 0.69.9)
    - React-perflogger (= 0.69.9)
    - Yoga
  - React-CoreModules (0.69.9):
    - RCT-Folly (= 2021.06.28.00-v2)
    - RCTTypeSafety (= 0.69.9)
    - React-Codegen (= 0.69.9)
    - React-Core/CoreModulesHeaders (= 0.69.9)
    - React-jsi (= 0.69.9)
    - React-RCTImage (= 0.69.9)
    - ReactCommon/turbomodule/core (= 0.69.9)
  - React-cxxreact (0.69.9):
    - boost (= 1.76.0)
    - DoubleConversion
    - glog
    - RCT-Folly (= 2021.06.28.00-v2)
    - React-callinvoker (= 0.69.9)
    - React-jsi (= 0.69.9)
    - React-jsinspector (= 0.69.9)
    - React-logger (= 0.69.9)
    - React-perflogger (= 0.69.9)
    - React-runtimeexecutor (= 0.69.9)
  - React-jsi (0.69.9):
    - boost (= 1.76.0)
    - DoubleConversion
    - glog
    - RCT-Folly (= 2021.06.28.00-v2)
    - React-jsi/Default (= 0.69.9)
  - React-jsiexecutor (0.69.9):
    - DoubleConversion
    - glog
    - RCT-Folly (= 2021.06.28.00-v2)
    - React-cxxreact (= 0.69.9)
    - React-jsi (= 0.69.9)
    - React-perflogger (= 0.69.9)
  - React-jsinspector (0.69.9)
  - React-logger (0.69.9):
    - glog
  - react-native-ble-manager (8.8.0):
    - React-Core
  - react-native-charts-wrapper (0.6.0):
    - DGCharts (= 5.0.0)
    - React
    - SwiftyJSON (= 5.0)
  - react-native-document-picker (9.3.1):
    - React-Core
  - react-native-get-random-values (1.8.0):
    - React-Core
  - react-native-idle-timer (2.2.3):
    - React-Core
  - react-native-loader-kit (2.0.8):
    - NVActivityIndicatorView (= 5.1.1)
    - React-Core
  - react-native-restart (0.0.27):
    - React-Core
  - react-native-safe-area-context (4.3.1):
    - RCT-Folly
    - RCTRequired
    - RCTTypeSafety
    - React
    - ReactCommon/turbomodule/core
  - React-perflogger (0.69.9)
  - React-RCTActionSheet (0.69.9):
    - React-Core/RCTActionSheetHeaders (= 0.69.9)
  - React-RCTAnimation (0.69.9):
    - RCT-Folly (= 2021.06.28.00-v2)
    - RCTTypeSafety (= 0.69.9)
    - React-Codegen (= 0.69.9)
    - React-Core/RCTAnimationHeaders (= 0.69.9)
    - React-jsi (= 0.69.9)
    - ReactCommon/turbomodule/core (= 0.69.9)
  - React-RCTBlob (0.69.9):
    - RCT-Folly (= 2021.06.28.00-v2)
    - React-Codegen (= 0.69.9)
    - React-Core/RCTBlobHeaders (= 0.69.9)
    - React-Core/RCTWebSocket (= 0.69.9)
    - React-jsi (= 0.69.9)
    - React-RCTNetwork (= 0.69.9)
    - ReactCommon/turbomodule/core (= 0.69.9)
  - React-RCTImage (0.69.9):
    - RCT-Folly (= 2021.06.28.00-v2)
    - RCTTypeSafety (= 0.69.9)
    - React-Codegen (= 0.69.9)
    - React-Core/RCTImageHeaders (= 0.69.9)
    - React-jsi (= 0.69.9)
    - React-RCTNetwork (= 0.69.9)
    - ReactCommon/turbomodule/core (= 0.69.9)
  - React-RCTLinking (0.69.9):
    - React-Codegen (= 0.69.9)
    - React-Core/RCTLinkingHeaders (= 0.69.9)
    - React-jsi (= 0.69.9)
    - ReactCommon/turbomodule/core (= 0.69.9)
  - React-RCTNetwork (0.69.9):
    - RCT-Folly (= 2021.06.28.00-v2)
    - RCTTypeSafety (= 0.69.9)
    - React-Codegen (= 0.69.9)
    - React-Core/RCTNetworkHeaders (= 0.69.9)
    - React-jsi (= 0.69.9)
    - ReactCommon/turbomodule/core (= 0.69.9)
  - React-RCTSettings (0.69.9):
    - RCT-Folly (= 2021.06.28.00-v2)
    - RCTTypeSafety (= 0.69.9)
    - React-Codegen (= 0.69.9)
    - React-Core/RCTSettingsHeaders (= 0.69.9)
    - React-jsi (= 0.69.9)
    - ReactCommon/turbomodule/core (= 0.69.9)
  - React-RCTText (0.69.9):
    - React-Core/RCTTextHeaders (= 0.69.9)
  - React-RCTVibration (0.69.9):
    - RCT-Folly (= 2021.06.28.00-v2)
    - React-Codegen (= 0.69.9)
    - React-Core/RCTVibrationHeaders (= 0.69.9)
    - React-jsi (= 0.69.9)
    - ReactCommon/turbomodule/core (= 0.69.9)
  - React-runtimeexecutor (0.69.9):
    - React-jsi (= 0.69.9)
  - ReactCommon/turbomodule/core (0.69.9):
    - DoubleConversion
    - glog
    - RCT-Folly (= 2021.06.28.00-v2)
    - React-bridging (= 0.69.9)
    - React-callinvoker (= 0.69.9)
    - React-Core (= 0.69.9)
    - React-cxxreact (= 0.69.9)
    - React-jsi (= 0.69.9)
    - React-logger (= 0.69.9)
    - React-perflogger (= 0.69.9)
  - RNCAsyncStorage (1.17.12):
    - React-Core
  - RNCCheckbox (0.5.17):
    - BEMCheckBox (~> 1.4)
    - React-Core
  - RNDeviceInfo (10.14.0):
    - React-Core
  - RNFlashList (1.1.0):
    - React-Core
  - RNFS (2.20.0):
    - React-Core
  - RNGestureHandler (2.5.0):
    - React-Core
  - RNKeychain (8.2.0):
    - React-Core
  - RNReanimated (2.9.1):
    - DoubleConversion
    - FBLazyVector
    - FBReactNativeSpec
    - glog
    - RCT-Folly
    - RCTRequired
    - RCTTypeSafety
    - React-callinvoker
    - React-Core
    - React-Core/DevSupport
    - React-Core/RCTWebSocket
    - React-CoreModules
    - React-cxxreact
    - React-jsi
    - React-jsiexecutor
    - React-jsinspector
    - React-RCTActionSheet
    - React-RCTAnimation
    - React-RCTBlob
    - React-RCTImage
    - React-RCTLinking
    - React-RCTNetwork
    - React-RCTSettings
    - React-RCTText
    - ReactCommon/turbomodule/core
    - Yoga
  - RNScreens (3.15.0):
    - React-Core
    - React-RCTImage
  - RNSVG (12.5.1):
    - React-Core
  - RxCocoa (6.8.0):
    - RxRelay (= 6.8.0)
    - RxSwift (= 6.8.0)
  - RxRelay (6.8.0):
    - RxSwift (= 6.8.0)
  - RxSwift (6.8.0)
  - SwiftyJSON (5.0.0)
  - Yoga (1.14.0)

DEPENDENCIES:
  - boost (from `../node_modules/react-native/third-party-podspecs/boost.podspec`)
  - BVLinearGradient (from `../node_modules/react-native-linear-gradient`)
  - DoubleConversion (from `../node_modules/react-native/third-party-podspecs/DoubleConversion.podspec`)
  - EXApplication (from `../node_modules/expo-application/ios`)
  - EXConstants (from `../node_modules/expo-constants/ios`)
  - EXErrorRecovery (from `../node_modules/expo-error-recovery/ios`)
  - EXFileSystem (from `../node_modules/expo-file-system/ios`)
  - EXFont (from `../node_modules/expo-font/ios`)
  - Expo (from `../node_modules/expo`)
  - ExpoKeepAwake (from `../node_modules/expo-keep-awake/ios`)
  - ExpoModulesCore (from `../node_modules/expo-modules-core/ios`)
  - ExpoSystemUI (from `../node_modules/expo-system-ui/ios`)
  - ExpoWebBrowser (from `../node_modules/expo-web-browser/ios`)
  - EXSharing (from `../node_modules/expo-sharing/ios`)
  - EXSplashScreen (from `../node_modules/expo-splash-screen/ios`)
  - FBLazyVector (from `../node_modules/react-native/Libraries/FBLazyVector`)
  - FBReactNativeSpec (from `../node_modules/react-native/React/FBReactNativeSpec`)
  - glog (from `../node_modules/react-native/third-party-podspecs/glog.podspec`)
  - nRFMeshProvision
  - RCT-Folly (from `../node_modules/react-native/third-party-podspecs/RCT-Folly.podspec`)
  - RCTRequired (from `../node_modules/react-native/Libraries/RCTRequired`)
  - RCTTypeSafety (from `../node_modules/react-native/Libraries/TypeSafety`)
  - React (from `../node_modules/react-native/`)
  - React-bridging (from `../node_modules/react-native/ReactCommon`)
  - React-callinvoker (from `../node_modules/react-native/ReactCommon/callinvoker`)
  - React-Codegen (from `build/generated/ios`)
  - React-Core (from `../node_modules/react-native/`)
  - React-Core/RCTWebSocket (from `../node_modules/react-native/`)
  - React-CoreModules (from `../node_modules/react-native/React/CoreModules`)
  - React-cxxreact (from `../node_modules/react-native/ReactCommon/cxxreact`)
  - React-jsi (from `../node_modules/react-native/ReactCommon/jsi`)
  - React-jsiexecutor (from `../node_modules/react-native/ReactCommon/jsiexecutor`)
  - React-jsinspector (from `../node_modules/react-native/ReactCommon/jsinspector`)
  - React-logger (from `../node_modules/react-native/ReactCommon/logger`)
  - react-native-ble-manager (from `../node_modules/react-native-ble-manager`)
  - react-native-charts-wrapper (from `../node_modules/react-native-charts-wrapper`)
  - react-native-document-picker (from `../node_modules/react-native-document-picker`)
  - react-native-get-random-values (from `../node_modules/react-native-get-random-values`)
  - react-native-idle-timer (from `../node_modules/react-native-idle-timer`)
  - react-native-loader-kit (from `../node_modules/react-native-loader-kit`)
  - react-native-restart (from `../node_modules/react-native-restart`)
  - react-native-safe-area-context (from `../node_modules/react-native-safe-area-context`)
  - React-perflogger (from `../node_modules/react-native/ReactCommon/reactperflogger`)
  - React-RCTActionSheet (from `../node_modules/react-native/Libraries/ActionSheetIOS`)
  - React-RCTAnimation (from `../node_modules/react-native/Libraries/NativeAnimation`)
  - React-RCTBlob (from `../node_modules/react-native/Libraries/Blob`)
  - React-RCTImage (from `../node_modules/react-native/Libraries/Image`)
  - React-RCTLinking (from `../node_modules/react-native/Libraries/LinkingIOS`)
  - React-RCTNetwork (from `../node_modules/react-native/Libraries/Network`)
  - React-RCTSettings (from `../node_modules/react-native/Libraries/Settings`)
  - React-RCTText (from `../node_modules/react-native/Libraries/Text`)
  - React-RCTVibration (from `../node_modules/react-native/Libraries/Vibration`)
  - React-runtimeexecutor (from `../node_modules/react-native/ReactCommon/runtimeexecutor`)
  - ReactCommon/turbomodule/core (from `../node_modules/react-native/ReactCommon`)
  - "RNCAsyncStorage (from `../node_modules/@react-native-async-storage/async-storage`)"
  - "RNCCheckbox (from `../node_modules/@react-native-community/checkbox`)"
  - RNDeviceInfo (from `../node_modules/react-native-device-info`)
  - "RNFlashList (from `../node_modules/@shopify/flash-list`)"
  - RNFS (from `../node_modules/react-native-fs`)
  - RNGestureHandler (from `../node_modules/react-native-gesture-handler`)
  - RNKeychain (from `../node_modules/react-native-keychain`)
  - RNReanimated (from `../node_modules/react-native-reanimated`)
  - RNScreens (from `../node_modules/react-native-screens`)
  - RNSVG (from `../node_modules/react-native-svg`)
  - RxCocoa
  - RxSwift
  - Yoga (from `../node_modules/react-native/ReactCommon/yoga`)

SPEC REPOS:
  trunk:
    - BEMCheckBox
    - CryptoSwift
    - DGCharts
    - fmt
    - nRFMeshProvision
    - NVActivityIndicatorView
    - RxCocoa
    - RxRelay
    - RxSwift
    - SwiftyJSON

EXTERNAL SOURCES:
  boost:
    :podspec: "../node_modules/react-native/third-party-podspecs/boost.podspec"
  BVLinearGradient:
    :path: "../node_modules/react-native-linear-gradient"
  DoubleConversion:
    :podspec: "../node_modules/react-native/third-party-podspecs/DoubleConversion.podspec"
  EXApplication:
    :path: "../node_modules/expo-application/ios"
  EXConstants:
    :path: "../node_modules/expo-constants/ios"
  EXErrorRecovery:
    :path: "../node_modules/expo-error-recovery/ios"
  EXFileSystem:
    :path: "../node_modules/expo-file-system/ios"
  EXFont:
    :path: "../node_modules/expo-font/ios"
  Expo:
    :path: "../node_modules/expo"
  ExpoKeepAwake:
    :path: "../node_modules/expo-keep-awake/ios"
  ExpoModulesCore:
    :path: "../node_modules/expo-modules-core/ios"
  ExpoSystemUI:
    :path: "../node_modules/expo-system-ui/ios"
  ExpoWebBrowser:
    :path: "../node_modules/expo-web-browser/ios"
  EXSharing:
    :path: "../node_modules/expo-sharing/ios"
  EXSplashScreen:
    :path: "../node_modules/expo-splash-screen/ios"
  FBLazyVector:
    :path: "../node_modules/react-native/Libraries/FBLazyVector"
  FBReactNativeSpec:
    :path: "../node_modules/react-native/React/FBReactNativeSpec"
  glog:
    :podspec: "../node_modules/react-native/third-party-podspecs/glog.podspec"
  RCT-Folly:
    :podspec: "../node_modules/react-native/third-party-podspecs/RCT-Folly.podspec"
  RCTRequired:
    :path: "../node_modules/react-native/Libraries/RCTRequired"
  RCTTypeSafety:
    :path: "../node_modules/react-native/Libraries/TypeSafety"
  React:
    :path: "../node_modules/react-native/"
  React-bridging:
    :path: "../node_modules/react-native/ReactCommon"
  React-callinvoker:
    :path: "../node_modules/react-native/ReactCommon/callinvoker"
  React-Codegen:
    :path: build/generated/ios
  React-Core:
    :path: "../node_modules/react-native/"
  React-CoreModules:
    :path: "../node_modules/react-native/React/CoreModules"
  React-cxxreact:
    :path: "../node_modules/react-native/ReactCommon/cxxreact"
  React-jsi:
    :path: "../node_modules/react-native/ReactCommon/jsi"
  React-jsiexecutor:
    :path: "../node_modules/react-native/ReactCommon/jsiexecutor"
  React-jsinspector:
    :path: "../node_modules/react-native/ReactCommon/jsinspector"
  React-logger:
    :path: "../node_modules/react-native/ReactCommon/logger"
  react-native-ble-manager:
    :path: "../node_modules/react-native-ble-manager"
  react-native-charts-wrapper:
    :path: "../node_modules/react-native-charts-wrapper"
  react-native-document-picker:
    :path: "../node_modules/react-native-document-picker"
  react-native-get-random-values:
    :path: "../node_modules/react-native-get-random-values"
  react-native-idle-timer:
    :path: "../node_modules/react-native-idle-timer"
  react-native-loader-kit:
    :path: "../node_modules/react-native-loader-kit"
  react-native-restart:
    :path: "../node_modules/react-native-restart"
  react-native-safe-area-context:
    :path: "../node_modules/react-native-safe-area-context"
  React-perflogger:
    :path: "../node_modules/react-native/ReactCommon/reactperflogger"
  React-RCTActionSheet:
    :path: "../node_modules/react-native/Libraries/ActionSheetIOS"
  React-RCTAnimation:
    :path: "../node_modules/react-native/Libraries/NativeAnimation"
  React-RCTBlob:
    :path: "../node_modules/react-native/Libraries/Blob"
  React-RCTImage:
    :path: "../node_modules/react-native/Libraries/Image"
  React-RCTLinking:
    :path: "../node_modules/react-native/Libraries/LinkingIOS"
  React-RCTNetwork:
    :path: "../node_modules/react-native/Libraries/Network"
  React-RCTSettings:
    :path: "../node_modules/react-native/Libraries/Settings"
  React-RCTText:
    :path: "../node_modules/react-native/Libraries/Text"
  React-RCTVibration:
    :path: "../node_modules/react-native/Libraries/Vibration"
  React-runtimeexecutor:
    :path: "../node_modules/react-native/ReactCommon/runtimeexecutor"
  ReactCommon:
    :path: "../node_modules/react-native/ReactCommon"
  RNCAsyncStorage:
    :path: "../node_modules/@react-native-async-storage/async-storage"
  RNCCheckbox:
    :path: "../node_modules/@react-native-community/checkbox"
  RNDeviceInfo:
    :path: "../node_modules/react-native-device-info"
  RNFlashList:
    :path: "../node_modules/@shopify/flash-list"
  RNFS:
    :path: "../node_modules/react-native-fs"
  RNGestureHandler:
    :path: "../node_modules/react-native-gesture-handler"
  RNKeychain:
    :path: "../node_modules/react-native-keychain"
  RNReanimated:
    :path: "../node_modules/react-native-reanimated"
  RNScreens:
    :path: "../node_modules/react-native-screens"
  RNSVG:
    :path: "../node_modules/react-native-svg"
  Yoga:
    :path: "../node_modules/react-native/ReactCommon/yoga"

SPEC CHECKSUMS:
  BEMCheckBox: 5ba6e37ade3d3657b36caecc35c8b75c6c2b1a4e
  boost: a7c83b31436843459a1961bfd74b96033dc77234
  BVLinearGradient: 880f91a7854faff2df62518f0281afb1c60d49a3
  CryptoSwift: c4f2debceb38bf44c80659afe009f71e23e4a082
  DGCharts: 6e0cf2644e8f81ad13f04caa8bc18502870a1c54
  DoubleConversion: 5189b271737e1565bdce30deb4a08d647e3f5f54
  EXApplication: e418d737a036e788510f2c4ad6c10a7d54d18586
  EXConstants: 7c44785d41d8e959d527d23d29444277a4d1ee73
  EXErrorRecovery: 74d71ee59f6814315457b09d68e86aa95cc7d05d
  EXFileSystem: 927e0a8885aa9c49e50fc38eaba2c2389f2f1019
  EXFont: 06df627203afcb8a3b3152ec06eb2f11f46f0cff
  Expo: 99284f9f697b6def5988fdf50652e21f062991e3
  ExpoKeepAwake: 8b47e5358d54ea4922b630a74f2acb026ab7a28b
  ExpoModulesCore: 1b2f5f91eff132671f6d0642aad2ba7915c6ff41
  ExpoSystemUI: 9f550a8055e315f7b0c4da208de27e45fe7da0fb
  ExpoWebBrowser: 5804ac42a8269d0e534bc4461993005f72535649
  EXSharing: 8530ef08cb899328a7c61de7f4836af6208b567b
  EXSplashScreen: 799bece80089219b2c989c1082d70f3b00995cda
  FBLazyVector: d3c1d2923b1009f4e709e8f1b793dedf5b323454
  FBReactNativeSpec: d460df7d796ed4979c6cd4e092145b63eb28b5bb
  fmt: ff9d55029c625d3757ed641535fd4a75fedc7ce9
  glog: 3d02b25ca00c2d456734d0bcff864cbc62f6ae1a
  nRFMeshProvision: 297bbda9dc44138c1b63b1ac5e4c860f0398e176
  NVActivityIndicatorView: 1f6c5687f1171810aa27a3296814dc2d7dec3667
  RCT-Folly: b9d9fe1fc70114b751c076104e52f3b1b5e5a95a
  RCTRequired: fe80e9f71dd15939e5399dd94d0aa0e5e069d592
  RCTTypeSafety: 4c802f7c4b9e7c55470e7fc56d50385cbfcce89b
  React: efe0b6d0b7401a208d2d1bf8320c0b6a0dcd593b
  React-bridging: 11a324da43d8467cfe528ccff0e00ab43bdf1cf4
  React-callinvoker: d4d34002df449053784f1131a6382e526d172395
  React-Codegen: 63eb91553568558cbd6fb2f336c3ff2fea66b37a
  React-Core: 2875b1749729d07ef7cacef36e8b1381f27cc86e
  React-CoreModules: 8b6665f9b128b875660d75a7144122c742ad4af9
  React-cxxreact: 76d426551a4d1d6f623ef8f87a26690d5a6be93e
  React-jsi: 47b65f4f789f198004c47e5b6ceaae95ea3f3659
  React-jsiexecutor: 3b506d7fc50275bf44f8fd5624f23eaedd78bf78
  React-jsinspector: 5b92a5a30e02e1a21802f293cc71e05d887c7378
  React-logger: 96d904c5bc87c2660d48e6a36fb2edf65f9cfb11
  react-native-ble-manager: f8add48474ad08a0bd3e46b2d1ebff5e00a628b7
  react-native-charts-wrapper: cd83d9b1acb8e06ebd18bf297de597906e1cc87d
  react-native-document-picker: 940269e45632f48eb5e81543381ffd15a970d849
  react-native-get-random-values: a6ea6a8a65dc93e96e24a11105b1a9c8cfe1d72a
  react-native-idle-timer: b4e9ff189950bcd3ba03257d9f033f3432341db8
  react-native-loader-kit: ed18c8ce83b69083211912326897d8286f37d797
  react-native-restart: 7595693413fe3ca15893702f2c8306c62a708162
  react-native-safe-area-context: 6c12e3859b6f27b25de4fee8201cfb858432d8de
  React-perflogger: f6f4b3c63629ead2e8a5a22eaedd06368c31617a
  React-RCTActionSheet: 5e95058e99c53313d778d96b7f37697ce3a9418e
  React-RCTAnimation: c4f86d756d8398c674f61d00075993a368d83480
  React-RCTBlob: c74cb1350831866b3b23c2379ccc3a5909593bc5
  React-RCTImage: cc72e4092e08c7070d1dce7704fbdcdfc9e0a721
  React-RCTLinking: dca79b9df468980462a399a630156f5a5fc0b5bc
  React-RCTNetwork: 0dfb918fd237b6fa4e3820769c57a6a0ad61f934
  React-RCTSettings: a9fb6736139ddf8e7d11842c8a948c47c1ae603d
  React-RCTText: 87456d45e8bcc0c831b7c7fcfcfd860a54f54a79
  React-RCTVibration: ea899478e6f10ee526f476f769ab33211be2addd
  React-runtimeexecutor: df1518d092e8c74cafddc56690d1ac386ec24d7a
  ReactCommon: fac40473e2c4117522384027ab33ad0cb6717dc5
  RNCAsyncStorage: 09fc8595e6d6f6d5abf16b23a56b257d9c6b7c5b
  RNCCheckbox: a3ca9978cb0846b981d28da4e9914bd437403d77
  RNDeviceInfo: 59344c19152c4b2b32283005f9737c5c64b42fba
  RNFlashList: 031c182b95ead44fd0715f6029a744cd5e10d51f
  RNFS: 4ac0f0ea233904cb798630b3c077808c06931688
  RNGestureHandler: bad495418bcbd3ab47017a38d93d290ebd406f50
  RNKeychain: bfe3d12bf4620fe488771c414530bf16e88f3678
  RNReanimated: 2cf7451318bb9cc430abeec8d67693f9cf4e039c
  RNScreens: 4a1af06327774490d97342c00aee0c2bafb497b7
  RNSVG: d7d7bc8229af3842c9cfc3a723c815a52cdd1105
  RxCocoa: 2d33c1e1e5d66492052ad46b11024ae287572880
  RxRelay: 335c78b926a2aea8d863a6d25f1ed3b5ad8e8705
  RxSwift: 4e28be97cbcfeee614af26d83415febbf2bf6f45
  SwiftyJSON: 36413e04c44ee145039d332b4f4e2d3e8d6c4db7
  Yoga: 7a4d48cfb35dfa542151e615fa73c1a0d88caf21

PODFILE CHECKSUM: 0dcafc7c16e3b3f0c121dc1213593fcef3c489d6

COCOAPODS: 1.15.2
